// !$*UTF8*$!
{
	archiveVersion = 1;
	classes = {
	};
	objectVersion = 46;
	objects = {

/* Begin PBXBuildFile section */
		0A23B3BD1BDC3024008DEC1E /* TabBarController.m in Sources */ = {isa = PBXBuildFile; fileRef = 0A23B3BC1BDC3024008DEC1E /* TabBarController.m */; };
		0A47BC731BDAAE9400D362B9 /* 37x-Checkmark.png in Resources */ = {isa = PBXBuildFile; fileRef = 0A47BC671BDAAE9400D362B9 /* 37x-Checkmark.png */; };
		0A47BC741BDAAE9400D362B9 /* 37x-Checkmark@2x.png in Resources */ = {isa = PBXBuildFile; fileRef = 0A47BC681BDAAE9400D362B9 /* 37x-Checkmark@2x.png */; };
		0A47BC751BDAAE9400D362B9 /* Default-568h@2x.png in Resources */ = {isa = PBXBuildFile; fileRef = 0A47BC691BDAAE9400D362B9 /* Default-568h@2x.png */; };
		0A47BC761BDAAE9400D362B9 /* Default-iOS7-568h@2x.png in Resources */ = {isa = PBXBuildFile; fileRef = 0A47BC6A1BDAAE9400D362B9 /* Default-iOS7-568h@2x.png */; };
		0A47BC771BDAAE9400D362B9 /* Default-iOS7@2x.png in Resources */ = {isa = PBXBuildFile; fileRef = 0A47BC6B1BDAAE9400D362B9 /* Default-iOS7@2x.png */; };
		0A47BC781BDAAE9400D362B9 /* Default.png in Resources */ = {isa = PBXBuildFile; fileRef = 0A47BC6C1BDAAE9400D362B9 /* Default.png */; };
		0A47BC791BDAAE9400D362B9 /* Default@2x.png in Resources */ = {isa = PBXBuildFile; fileRef = 0A47BC6D1BDAAE9400D362B9 /* Default@2x.png */; };
		0A47BC7A1BDAAE9400D362B9 /* Icon-iOS7@2x.png in Resources */ = {isa = PBXBuildFile; fileRef = 0A47BC6E1BDAAE9400D362B9 /* Icon-iOS7@2x.png */; };
		0A47BC7B1BDAAE9400D362B9 /* Icon-Small.png in Resources */ = {isa = PBXBuildFile; fileRef = 0A47BC6F1BDAAE9400D362B9 /* Icon-Small.png */; };
		0A47BC7C1BDAAE9400D362B9 /* Icon-Small@2x.png in Resources */ = {isa = PBXBuildFile; fileRef = 0A47BC701BDAAE9400D362B9 /* Icon-Small@2x.png */; };
		0A47BC7D1BDAAE9400D362B9 /* Icon.png in Resources */ = {isa = PBXBuildFile; fileRef = 0A47BC711BDAAE9400D362B9 /* Icon.png */; };
		0A47BC7E1BDAAE9400D362B9 /* Icon@2x.png in Resources */ = {isa = PBXBuildFile; fileRef = 0A47BC721BDAAE9400D362B9 /* Icon@2x.png */; };
		0A47BC841BDAB53900D362B9 /* Main.storyboard in Resources */ = {isa = PBXBuildFile; fileRef = 0A47BC821BDAB53900D362B9 /* Main.storyboard */; };
		0A47BC891BDAE9BB00D362B9 /* hat.png in Resources */ = {isa = PBXBuildFile; fileRef = 0A47BC881BDAE9BB00D362B9 /* hat.png */; };
		0A47BC8B1BDAEC6F00D362B9 /* hat.gif in Resources */ = {isa = PBXBuildFile; fileRef = 0A47BC8A1BDAEC6F00D362B9 /* hat.gif */; };
		0A4E13731BDE8B320012B8B8 /* submit.jpg in Resources */ = {isa = PBXBuildFile; fileRef = 0A4E13721BDE8B320012B8B8 /* submit.jpg */; };
		0A4E13751BDE8F200012B8B8 /* signout.jpg in Resources */ = {isa = PBXBuildFile; fileRef = 0A4E13741BDE8F200012B8B8 /* signout.jpg */; };
		0A4E21D31BDA080100B01D12 /* half_selected_star.png in Resources */ = {isa = PBXBuildFile; fileRef = 0A4E21CD1BDA080100B01D12 /* half_selected_star.png */; };
		0A4E21D41BDA080100B01D12 /* half_selected_star@2x.png in Resources */ = {isa = PBXBuildFile; fileRef = 0A4E21CE1BDA080100B01D12 /* half_selected_star@2x.png */; };
		0A4E21D51BDA080100B01D12 /* not_selected_star.png in Resources */ = {isa = PBXBuildFile; fileRef = 0A4E21CF1BDA080100B01D12 /* not_selected_star.png */; };
		0A4E21D61BDA080100B01D12 /* not_selected_star@2x.png in Resources */ = {isa = PBXBuildFile; fileRef = 0A4E21D01BDA080100B01D12 /* not_selected_star@2x.png */; };
		0A4E21D71BDA080100B01D12 /* selected_star.png in Resources */ = {isa = PBXBuildFile; fileRef = 0A4E21D11BDA080100B01D12 /* selected_star.png */; };
		0A4E21D81BDA080100B01D12 /* selected_star@2x.png in Resources */ = {isa = PBXBuildFile; fileRef = 0A4E21D21BDA080100B01D12 /* selected_star@2x.png */; };
		0A4E313F1BD47D48004776A2 /* ItemsController.m in Sources */ = {isa = PBXBuildFile; fileRef = 0A4E31391BD47D48004776A2 /* ItemsController.m */; };
		0A4E31401BD47D48004776A2 /* LocateController.m in Sources */ = {isa = PBXBuildFile; fileRef = 0A4E313B1BD47D48004776A2 /* LocateController.m */; };
		0A4E31411BD47D48004776A2 /* UserController.m in Sources */ = {isa = PBXBuildFile; fileRef = 0A4E313D1BD47D48004776A2 /* UserController.m */; };
		0A4E31601BD47D88004776A2 /* background.png in Resources */ = {isa = PBXBuildFile; fileRef = 0A4E314E1BD47D88004776A2 /* background.png */; };
		0A4E31671BD47D88004776A2 /* Icon@2x copy.png in Resources */ = {isa = PBXBuildFile; fileRef = 0A4E31551BD47D88004776A2 /* Icon@2x copy.png */; };
		0A4E31681BD47D88004776A2 /* Icon@2x rot2.png in Resources */ = {isa = PBXBuildFile; fileRef = 0A4E31561BD47D88004776A2 /* Icon@2x rot2.png */; };
		0A4E31691BD47D88004776A2 /* Icon@2x rot3.png in Resources */ = {isa = PBXBuildFile; fileRef = 0A4E31571BD47D88004776A2 /* Icon@2x rot3.png */; };
		0A4E316B1BD47D88004776A2 /* items.jpeg in Resources */ = {isa = PBXBuildFile; fileRef = 0A4E31591BD47D88004776A2 /* items.jpeg */; };
		0A4E316C1BD47D88004776A2 /* items.jpg in Resources */ = {isa = PBXBuildFile; fileRef = 0A4E315A1BD47D88004776A2 /* items.jpg */; };
		0A4E316F1BD47D88004776A2 /* profile.png in Resources */ = {isa = PBXBuildFile; fileRef = 0A4E315D1BD47D88004776A2 /* profile.png */; };
		0A4E31711BD47D88004776A2 /* wait.gif in Resources */ = {isa = PBXBuildFile; fileRef = 0A4E315F1BD47D88004776A2 /* wait.gif */; };
		0A4F0AB11BD4656000C8A8D0 /* main.m in Sources */ = {isa = PBXBuildFile; fileRef = 0A4F0AB01BD4656000C8A8D0 /* main.m */; };
		0A4F0AB41BD4656000C8A8D0 /* AppDelegate.m in Sources */ = {isa = PBXBuildFile; fileRef = 0A4F0AB31BD4656000C8A8D0 /* AppDelegate.m */; };
		0A4F0ABD1BD4656000C8A8D0 /* AdyLix.xcdatamodeld in Sources */ = {isa = PBXBuildFile; fileRef = 0A4F0ABB1BD4656000C8A8D0 /* AdyLix.xcdatamodeld */; };
		0A4F0AC21BD4656000C8A8D0 /* LaunchScreen.storyboard in Resources */ = {isa = PBXBuildFile; fileRef = 0A4F0AC01BD4656000C8A8D0 /* LaunchScreen.storyboard */; };
		0A4F0ACD1BD4656000C8A8D0 /* AdyLixTests.m in Sources */ = {isa = PBXBuildFile; fileRef = 0A4F0ACC1BD4656000C8A8D0 /* AdyLixTests.m */; };
		0A4F0AD81BD4656000C8A8D0 /* AdyLixUITests.m in Sources */ = {isa = PBXBuildFile; fileRef = 0A4F0AD71BD4656000C8A8D0 /* AdyLixUITests.m */; };
		0A4FA0131BD94496003ED366 /* background-mod.png in Resources */ = {isa = PBXBuildFile; fileRef = 0A4FA0121BD94496003ED366 /* background-mod.png */; };
		0A4FA01B1BD96737003ED366 /* DataInfo.m in Sources */ = {isa = PBXBuildFile; fileRef = 0A4FA01A1BD96737003ED366 /* DataInfo.m */; };
		0A4FA0241BD99C7D003ED366 /* ActivityIndicator.m in Sources */ = {isa = PBXBuildFile; fileRef = 0A4FA01F1BD99C7D003ED366 /* ActivityIndicator.m */; };
		0A4FA0251BD99C7D003ED366 /* ASStarRatingView.m in Sources */ = {isa = PBXBuildFile; fileRef = 0A4FA0211BD99C7D003ED366 /* ASStarRatingView.m */; };
		0A4FA0261BD99C7D003ED366 /* MBProgressHUD.m in Sources */ = {isa = PBXBuildFile; fileRef = 0A4FA0231BD99C7D003ED366 /* MBProgressHUD.m */; };
		0A4FA0281BD99FC8003ED366 /* ItemTableViewController.m in Sources */ = {isa = PBXBuildFile; fileRef = 0A4FA0271BD99FC8003ED366 /* ItemTableViewController.m */; };
		0A61D36A1C2A1654003553DB /* BaseViewController.m in Sources */ = {isa = PBXBuildFile; fileRef = 0A61D3691C2A1654003553DB /* BaseViewController.m */; };
		0A61D36E1C2A26DD003553DB /* menu.png in Resources */ = {isa = PBXBuildFile; fileRef = 0A61D36C1C2A26DD003553DB /* menu.png */; };
		0A61D36F1C2A26DD003553DB /* menu@2x.png in Resources */ = {isa = PBXBuildFile; fileRef = 0A61D36D1C2A26DD003553DB /* menu@2x.png */; };
		0A68AA731C23A68D00766AF9 /* FBLoginViewController.m in Sources */ = {isa = PBXBuildFile; fileRef = 0A68AA721C23A68D00766AF9 /* FBLoginViewController.m */; };
		0A68BB2B1C23C9C100766AF9 /* CoreFoundation.framework in Frameworks */ = {isa = PBXBuildFile; fileRef = 0A68BB291C23C9C100766AF9 /* CoreFoundation.framework */; };
		0A68BB2C1C23C9C100766AF9 /* CoreLocation.framework in Frameworks */ = {isa = PBXBuildFile; fileRef = 0A68BB2A1C23C9C100766AF9 /* CoreLocation.framework */; };
		0A68BB2F1C23C9F000766AF9 /* Security.framework in Frameworks */ = {isa = PBXBuildFile; fileRef = 0A68BB2D1C23C9F000766AF9 /* Security.framework */; };
		0A68BB301C23C9F000766AF9 /* SystemConfiguration.framework in Frameworks */ = {isa = PBXBuildFile; fileRef = 0A68BB2E1C23C9F000766AF9 /* SystemConfiguration.framework */; };
		0A68BB481C23D1A800766AF9 /* libParseFacebookUtilsV4.a in Frameworks */ = {isa = PBXBuildFile; fileRef = 0A68BB471C23D1A800766AF9 /* libParseFacebookUtilsV4.a */; };
		0A68BB4B1C23D41C00766AF9 /* libFBSDKCoreKit.a in Frameworks */ = {isa = PBXBuildFile; fileRef = 0A68BB491C23D41C00766AF9 /* libFBSDKCoreKit.a */; };
		0A68BB4C1C23D41C00766AF9 /* libFBSDKLoginKit.a in Frameworks */ = {isa = PBXBuildFile; fileRef = 0A68BB4A1C23D41C00766AF9 /* libFBSDKLoginKit.a */; };
		0A68BB501C23D62100766AF9 /* libFBSDKShareKit.a in Frameworks */ = {isa = PBXBuildFile; fileRef = 0A68BB4F1C23D62100766AF9 /* libFBSDKShareKit.a */; };
		0A68BB521C23D62700766AF9 /* libBolts.a in Frameworks */ = {isa = PBXBuildFile; fileRef = 0A68BB511C23D62700766AF9 /* libBolts.a */; };
		0A68BB561C23D74B00766AF9 /* Parse.framework in Frameworks */ = {isa = PBXBuildFile; fileRef = 0A68BB551C23D74B00766AF9 /* Parse.framework */; };
		0A68BB591C23D7B800766AF9 /* ParseUI.framework in Frameworks */ = {isa = PBXBuildFile; fileRef = 0A68BB571C23D79F00766AF9 /* ParseUI.framework */; };
		0A68BB5B1C23D9DB00766AF9 /* libsqlite3.a in Frameworks */ = {isa = PBXBuildFile; fileRef = 0A68BB5A1C23D9DB00766AF9 /* libsqlite3.a */; };
		0A68BB5E1C23D9F500766AF9 /* libParse.a in Frameworks */ = {isa = PBXBuildFile; fileRef = 0A68BB5C1C23D9F500766AF9 /* libParse.a */; };
		0A68BB5F1C23D9F500766AF9 /* libParseUI.a in Frameworks */ = {isa = PBXBuildFile; fileRef = 0A68BB5D1C23D9F500766AF9 /* libParseUI.a */; };
		0A68BB611C23DA1200766AF9 /* SignUpViewController.m in Sources */ = {isa = PBXBuildFile; fileRef = 0A68BB601C23DA1200766AF9 /* SignUpViewController.m */; };
		0A6976A21C2A3E5C009F614C /* camera.png in Resources */ = {isa = PBXBuildFile; fileRef = 0A6976A11C2A3E5C009F614C /* camera.png */; };
		0A6976A61C2A6B03009F614C /* SettingsController.m in Sources */ = {isa = PBXBuildFile; fileRef = 0A6976A51C2A6B03009F614C /* SettingsController.m */; };
		0A6A1B011C28E27A008E3C6F /* bk-mk.png in Resources */ = {isa = PBXBuildFile; fileRef = 0A6A1B001C28E27A008E3C6F /* bk-mk.png */; };
		0A6A1B031C28F18B008E3C6F /* Assets.xcassets in Resources */ = {isa = PBXBuildFile; fileRef = 0A6A1B021C28F18B008E3C6F /* Assets.xcassets */; };
		0A6A1B0B1C28F949008E3C6F /* map.png in Resources */ = {isa = PBXBuildFile; fileRef = 0A6A1B0A1C28F949008E3C6F /* map.png */; };
		0A6A1B0E1C28FA9D008E3C6F /* map2x.png in Resources */ = {isa = PBXBuildFile; fileRef = 0A6A1B0C1C28FA9D008E3C6F /* map2x.png */; };
		0A6A1B0F1C28FA9D008E3C6F /* map3x.png in Resources */ = {isa = PBXBuildFile; fileRef = 0A6A1B0D1C28FA9D008E3C6F /* map3x.png */; };
		0A6A1B111C28FBF3008E3C6F /* Warrior-icon-small-25x25.png in Resources */ = {isa = PBXBuildFile; fileRef = 0A6A1B101C28FBF3008E3C6F /* Warrior-icon-small-25x25.png */; };
		0A6A1B141C290064008E3C6F /* 1x.png in Resources */ = {isa = PBXBuildFile; fileRef = 0A6A1B121C290064008E3C6F /* 1x.png */; };
		0A6A1B151C290064008E3C6F /* 2x.png in Resources */ = {isa = PBXBuildFile; fileRef = 0A6A1B131C290064008E3C6F /* 2x.png */; };
		0A6A1B181C2900EE008E3C6F /* p1x.png in Resources */ = {isa = PBXBuildFile; fileRef = 0A6A1B161C2900EE008E3C6F /* p1x.png */; };
		0A6A1B191C2900EE008E3C6F /* p2x.png in Resources */ = {isa = PBXBuildFile; fileRef = 0A6A1B171C2900EE008E3C6F /* p2x.png */; };
		0A6A1B1B1C290D02008E3C6F /* share.png in Resources */ = {isa = PBXBuildFile; fileRef = 0A6A1B1A1C290D02008E3C6F /* share.png */; };
		0A6AEE7A1BF871A3009880CD /* GetItemInfo.js in Resources */ = {isa = PBXBuildFile; fileRef = 0A6AEE791BF871A3009880CD /* GetItemInfo.js */; };
		0A6BED1D1C28A85D0089EB23 /* disocver.png in Resources */ = {isa = PBXBuildFile; fileRef = 0A6BED1A1C28A85C0089EB23 /* disocver.png */; };
		0A6BED1E1C28A85D0089EB23 /* reel.png in Resources */ = {isa = PBXBuildFile; fileRef = 0A6BED1B1C28A85D0089EB23 /* reel.png */; };
		0A6BED1F1C28A85D0089EB23 /* wardrobe.png in Resources */ = {isa = PBXBuildFile; fileRef = 0A6BED1C1C28A85D0089EB23 /* wardrobe.png */; };
		0A70DC5B1C13E2C10000E328 /* RegisterItemController.m in Sources */ = {isa = PBXBuildFile; fileRef = 0A70DC5A1C13E2C10000E328 /* RegisterItemController.m */; };
		0A70DC5E1C13ECB20000E328 /* CaptureSessionManager.m in Sources */ = {isa = PBXBuildFile; fileRef = 0A70DC5D1C13ECB20000E328 /* CaptureSessionManager.m */; };
		0A70DC611C13F5590000E328 /* overlaygraphic.png in Resources */ = {isa = PBXBuildFile; fileRef = 0A70DC5F1C13F5590000E328 /* overlaygraphic.png */; };
		0A70DC621C13F5590000E328 /* scanbutton.png in Resources */ = {isa = PBXBuildFile; fileRef = 0A70DC601C13F5590000E328 /* scanbutton.png */; };
		0A83B26F1BEB20B6002DA2DD /* Item.m in Sources */ = {isa = PBXBuildFile; fileRef = 0A83B26E1BEB20B6002DA2DD /* Item.m */; };
		0A8541A11C2505ED00B41F29 /* NotificationController.m in Sources */ = {isa = PBXBuildFile; fileRef = 0A8541A01C2505ED00B41F29 /* NotificationController.m */; };
		0A86A30E1BE9DBC8001245D7 /* User.m in Sources */ = {isa = PBXBuildFile; fileRef = 0A86A30D1BE9DBC8001245D7 /* User.m */; };
		0A86A3211BE9EC81001245D7 /* FacebookSDKStrings.bundle in Resources */ = {isa = PBXBuildFile; fileRef = 0A86A3201BE9EC81001245D7 /* FacebookSDKStrings.bundle */; };
		0A9AA7E21BF14A9500DEE2BF /* ShareViewController.m in Sources */ = {isa = PBXBuildFile; fileRef = 0A9AA7E11BF14A9500DEE2BF /* ShareViewController.m */; };
		0A9AA7E51BF14A9500DEE2BF /* MainInterface.storyboard in Resources */ = {isa = PBXBuildFile; fileRef = 0A9AA7E31BF14A9500DEE2BF /* MainInterface.storyboard */; };
		0A9AA7E91BF14A9500DEE2BF /* AdyLix-Extension.appex in Embed App Extensions */ = {isa = PBXBuildFile; fileRef = 0A9AA7DE1BF14A9500DEE2BF /* AdyLix-Extension.appex */; settings = {ATTRIBUTES = (RemoveHeadersOnCopy, ); }; };
		0A9C70C31C2490970044EC03 /* FBLogin.png in Resources */ = {isa = PBXBuildFile; fileRef = 0A9C70C21C2490970044EC03 /* FBLogin.png */; };
		0A9C70C91C249C3B0044EC03 /* Style.m in Sources */ = {isa = PBXBuildFile; fileRef = 0A9C70C61C249C3B0044EC03 /* Style.m */; };
		0A9C70D01C24C09C0044EC03 /* ShareHelper.m in Sources */ = {isa = PBXBuildFile; fileRef = 0A9C70CF1C24C09C0044EC03 /* ShareHelper.m */; };
		0A9C70D31C24C0AC0044EC03 /* MainController.m in Sources */ = {isa = PBXBuildFile; fileRef = 0A9C70D21C24C0AC0044EC03 /* MainController.m */; };
		0A9C70DA1C24C0D00044EC03 /* connector.m in Sources */ = {isa = PBXBuildFile; fileRef = 0A9C70D71C24C0D00044EC03 /* connector.m */; };
		0A9C70DB1C24C0D00044EC03 /* FBLogin.m in Sources */ = {isa = PBXBuildFile; fileRef = 0A9C70D91C24C0D00044EC03 /* FBLogin.m */; };
		0A9C70DE1C24D99A0044EC03 /* UserInfo.m in Sources */ = {isa = PBXBuildFile; fileRef = 0A9C70DD1C24D99A0044EC03 /* UserInfo.m */; };
		0AAEC3A41C2C6A1F000468E3 /* emptyProfile.png in Resources */ = {isa = PBXBuildFile; fileRef = 0AAEC3A31C2C6A1F000468E3 /* emptyProfile.png */; };
		0AAEC3A61C2C7C28000468E3 /* framesBorder.png in Resources */ = {isa = PBXBuildFile; fileRef = 0AAEC3A51C2C7C28000468E3 /* framesBorder.png */; };
		0AAEC3A81C2C7EA6000468E3 /* Utility.m in Sources */ = {isa = PBXBuildFile; fileRef = 0AAEC3A71C2C7EA6000468E3 /* Utility.m */; };
		0AC7839C1C152ABD0028CAFF /* red.png in Resources */ = {isa = PBXBuildFile; fileRef = 0AC7839B1C152ABD0028CAFF /* red.png */; };
		0AF64EE41BDBE69300B9B9EB /* Icon-40@2x.png in Resources */ = {isa = PBXBuildFile; fileRef = 0AF64EE31BDBE69300B9B9EB /* Icon-40@2x.png */; };
		0D662D2B24E14D86705723D4 /* libPods.a in Frameworks */ = {isa = PBXBuildFile; fileRef = 3C0EC98935A77CC01669EE5A /* libPods.a */; };
/* End PBXBuildFile section */

/* Begin PBXContainerItemProxy section */
		0A4F0AC91BD4656000C8A8D0 /* PBXContainerItemProxy */ = {
			isa = PBXContainerItemProxy;
			containerPortal = 0A4F0AA41BD4655F00C8A8D0 /* Project object */;
			proxyType = 1;
			remoteGlobalIDString = 0A4F0AAB1BD4656000C8A8D0;
			remoteInfo = AdyLix;
		};
		0A4F0AD41BD4656000C8A8D0 /* PBXContainerItemProxy */ = {
			isa = PBXContainerItemProxy;
			containerPortal = 0A4F0AA41BD4655F00C8A8D0 /* Project object */;
			proxyType = 1;
			remoteGlobalIDString = 0A4F0AAB1BD4656000C8A8D0;
			remoteInfo = AdyLix;
		};
		0A9AA7E71BF14A9500DEE2BF /* PBXContainerItemProxy */ = {
			isa = PBXContainerItemProxy;
			containerPortal = 0A4F0AA41BD4655F00C8A8D0 /* Project object */;
			proxyType = 1;
			remoteGlobalIDString = 0A9AA7DD1BF14A9500DEE2BF;
			remoteInfo = "AdyLix-Extension";
		};
/* End PBXContainerItemProxy section */

/* Begin PBXCopyFilesBuildPhase section */
		0A9AA7ED1BF14A9500DEE2BF /* Embed App Extensions */ = {
			isa = PBXCopyFilesBuildPhase;
			buildActionMask = 2147483647;
			dstPath = "";
			dstSubfolderSpec = 13;
			files = (
				0A9AA7E91BF14A9500DEE2BF /* AdyLix-Extension.appex in Embed App Extensions */,
			);
			name = "Embed App Extensions";
			runOnlyForDeploymentPostprocessing = 0;
		};
/* End PBXCopyFilesBuildPhase section */

/* Begin PBXFileReference section */
		0A23B3BC1BDC3024008DEC1E /* TabBarController.m */ = {isa = PBXFileReference; fileEncoding = 4; lastKnownFileType = sourcecode.c.objc; name = TabBarController.m; path = Controllers/TabBarController.m; sourceTree = "<group>"; };
		0A23B3BE1BDC3044008DEC1E /* TabBarController.h */ = {isa = PBXFileReference; fileEncoding = 4; lastKnownFileType = sourcecode.c.h; name = TabBarController.h; path = Controllers/TabBarController.h; sourceTree = "<group>"; };
		0A47BC671BDAAE9400D362B9 /* 37x-Checkmark.png */ = {isa = PBXFileReference; lastKnownFileType = image.png; name = "37x-Checkmark.png"; path = "Res/progress/37x-Checkmark.png"; sourceTree = "<group>"; };
		0A47BC681BDAAE9400D362B9 /* 37x-Checkmark@2x.png */ = {isa = PBXFileReference; lastKnownFileType = image.png; name = "37x-Checkmark@2x.png"; path = "Res/progress/37x-Checkmark@2x.png"; sourceTree = "<group>"; };
		0A47BC691BDAAE9400D362B9 /* Default-568h@2x.png */ = {isa = PBXFileReference; lastKnownFileType = image.png; name = "Default-568h@2x.png"; path = "Res/progress/Default-568h@2x.png"; sourceTree = "<group>"; };
		0A47BC6A1BDAAE9400D362B9 /* Default-iOS7-568h@2x.png */ = {isa = PBXFileReference; lastKnownFileType = image.png; name = "Default-iOS7-568h@2x.png"; path = "Res/progress/Default-iOS7-568h@2x.png"; sourceTree = "<group>"; };
		0A47BC6B1BDAAE9400D362B9 /* Default-iOS7@2x.png */ = {isa = PBXFileReference; lastKnownFileType = image.png; name = "Default-iOS7@2x.png"; path = "Res/progress/Default-iOS7@2x.png"; sourceTree = "<group>"; };
		0A47BC6C1BDAAE9400D362B9 /* Default.png */ = {isa = PBXFileReference; lastKnownFileType = image.png; name = Default.png; path = Res/progress/Default.png; sourceTree = "<group>"; };
		0A47BC6D1BDAAE9400D362B9 /* Default@2x.png */ = {isa = PBXFileReference; lastKnownFileType = image.png; name = "Default@2x.png"; path = "Res/progress/Default@2x.png"; sourceTree = "<group>"; };
		0A47BC6E1BDAAE9400D362B9 /* Icon-iOS7@2x.png */ = {isa = PBXFileReference; lastKnownFileType = image.png; name = "Icon-iOS7@2x.png"; path = "Res/progress/Icon-iOS7@2x.png"; sourceTree = "<group>"; };
		0A47BC6F1BDAAE9400D362B9 /* Icon-Small.png */ = {isa = PBXFileReference; lastKnownFileType = image.png; name = "Icon-Small.png"; path = "Res/progress/Icon-Small.png"; sourceTree = "<group>"; };
		0A47BC701BDAAE9400D362B9 /* Icon-Small@2x.png */ = {isa = PBXFileReference; lastKnownFileType = image.png; name = "Icon-Small@2x.png"; path = "Res/progress/Icon-Small@2x.png"; sourceTree = "<group>"; };
		0A47BC711BDAAE9400D362B9 /* Icon.png */ = {isa = PBXFileReference; lastKnownFileType = image.png; name = Icon.png; path = Res/progress/Icon.png; sourceTree = "<group>"; };
		0A47BC721BDAAE9400D362B9 /* Icon@2x.png */ = {isa = PBXFileReference; lastKnownFileType = image.png; name = "Icon@2x.png"; path = "Res/progress/Icon@2x.png"; sourceTree = "<group>"; };
		0A47BC831BDAB53900D362B9 /* Base */ = {isa = PBXFileReference; lastKnownFileType = file.storyboard; name = Base; path = Base.lproj/Main.storyboard; sourceTree = "<group>"; };
		0A47BC881BDAE9BB00D362B9 /* hat.png */ = {isa = PBXFileReference; lastKnownFileType = image.png; name = hat.png; path = Res/hat.png; sourceTree = "<group>"; };
		0A47BC8A1BDAEC6F00D362B9 /* hat.gif */ = {isa = PBXFileReference; lastKnownFileType = image.gif; name = hat.gif; path = Res/hat.gif; sourceTree = "<group>"; };
		0A47BC8C1BDAFCCE00D362B9 /* AdyLix.entitlements */ = {isa = PBXFileReference; lastKnownFileType = text.xml; path = AdyLix.entitlements; sourceTree = "<group>"; };
		0A4E13721BDE8B320012B8B8 /* submit.jpg */ = {isa = PBXFileReference; lastKnownFileType = image.jpeg; name = submit.jpg; path = Res/submit.jpg; sourceTree = "<group>"; };
		0A4E13741BDE8F200012B8B8 /* signout.jpg */ = {isa = PBXFileReference; lastKnownFileType = image.jpeg; name = signout.jpg; path = Res/signout.jpg; sourceTree = "<group>"; };
		0A4E21CD1BDA080100B01D12 /* half_selected_star.png */ = {isa = PBXFileReference; lastKnownFileType = image.png; name = half_selected_star.png; path = Res/stars/half_selected_star.png; sourceTree = "<group>"; };
		0A4E21CE1BDA080100B01D12 /* half_selected_star@2x.png */ = {isa = PBXFileReference; lastKnownFileType = image.png; name = "half_selected_star@2x.png"; path = "Res/stars/half_selected_star@2x.png"; sourceTree = "<group>"; };
		0A4E21CF1BDA080100B01D12 /* not_selected_star.png */ = {isa = PBXFileReference; lastKnownFileType = image.png; name = not_selected_star.png; path = Res/stars/not_selected_star.png; sourceTree = "<group>"; };
		0A4E21D01BDA080100B01D12 /* not_selected_star@2x.png */ = {isa = PBXFileReference; lastKnownFileType = image.png; name = "not_selected_star@2x.png"; path = "Res/stars/not_selected_star@2x.png"; sourceTree = "<group>"; };
		0A4E21D11BDA080100B01D12 /* selected_star.png */ = {isa = PBXFileReference; lastKnownFileType = image.png; name = selected_star.png; path = Res/stars/selected_star.png; sourceTree = "<group>"; };
		0A4E21D21BDA080100B01D12 /* selected_star@2x.png */ = {isa = PBXFileReference; lastKnownFileType = image.png; name = "selected_star@2x.png"; path = "Res/stars/selected_star@2x.png"; sourceTree = "<group>"; };
		0A4E31381BD47D48004776A2 /* ItemsController.h */ = {isa = PBXFileReference; fileEncoding = 4; lastKnownFileType = sourcecode.c.h; name = ItemsController.h; path = Controllers/ItemsController.h; sourceTree = "<group>"; };
		0A4E31391BD47D48004776A2 /* ItemsController.m */ = {isa = PBXFileReference; fileEncoding = 4; lastKnownFileType = sourcecode.c.objc; name = ItemsController.m; path = Controllers/ItemsController.m; sourceTree = "<group>"; };
		0A4E313A1BD47D48004776A2 /* LocateController.h */ = {isa = PBXFileReference; fileEncoding = 4; lastKnownFileType = sourcecode.c.h; name = LocateController.h; path = Controllers/LocateController.h; sourceTree = "<group>"; };
		0A4E313B1BD47D48004776A2 /* LocateController.m */ = {isa = PBXFileReference; fileEncoding = 4; lastKnownFileType = sourcecode.c.objc; name = LocateController.m; path = Controllers/LocateController.m; sourceTree = "<group>"; };
		0A4E313C1BD47D48004776A2 /* UserController.h */ = {isa = PBXFileReference; fileEncoding = 4; lastKnownFileType = sourcecode.c.h; name = UserController.h; path = Controllers/UserController.h; sourceTree = "<group>"; };
		0A4E313D1BD47D48004776A2 /* UserController.m */ = {isa = PBXFileReference; fileEncoding = 4; lastKnownFileType = sourcecode.c.objc; name = UserController.m; path = Controllers/UserController.m; sourceTree = "<group>"; };
		0A4E314E1BD47D88004776A2 /* background.png */ = {isa = PBXFileReference; lastKnownFileType = image.png; name = background.png; path = Res/background.png; sourceTree = "<group>"; };
		0A4E31551BD47D88004776A2 /* Icon@2x copy.png */ = {isa = PBXFileReference; lastKnownFileType = image.png; name = "Icon@2x copy.png"; path = "Res/Icon@2x copy.png"; sourceTree = "<group>"; };
		0A4E31561BD47D88004776A2 /* Icon@2x rot2.png */ = {isa = PBXFileReference; lastKnownFileType = image.png; name = "Icon@2x rot2.png"; path = "Res/Icon@2x rot2.png"; sourceTree = "<group>"; };
		0A4E31571BD47D88004776A2 /* Icon@2x rot3.png */ = {isa = PBXFileReference; lastKnownFileType = image.png; name = "Icon@2x rot3.png"; path = "Res/Icon@2x rot3.png"; sourceTree = "<group>"; };
		0A4E31591BD47D88004776A2 /* items.jpeg */ = {isa = PBXFileReference; lastKnownFileType = image.jpeg; name = items.jpeg; path = Res/items.jpeg; sourceTree = "<group>"; };
		0A4E315A1BD47D88004776A2 /* items.jpg */ = {isa = PBXFileReference; lastKnownFileType = image.jpeg; name = items.jpg; path = Res/items.jpg; sourceTree = "<group>"; };
		0A4E315D1BD47D88004776A2 /* profile.png */ = {isa = PBXFileReference; lastKnownFileType = image.png; name = profile.png; path = Res/profile.png; sourceTree = "<group>"; };
		0A4E315F1BD47D88004776A2 /* wait.gif */ = {isa = PBXFileReference; lastKnownFileType = image.gif; name = wait.gif; path = Res/wait.gif; sourceTree = "<group>"; };
		0A4F0AAC1BD4656000C8A8D0 /* AdyLix.app */ = {isa = PBXFileReference; explicitFileType = wrapper.application; includeInIndex = 0; path = AdyLix.app; sourceTree = BUILT_PRODUCTS_DIR; };
		0A4F0AB01BD4656000C8A8D0 /* main.m */ = {isa = PBXFileReference; lastKnownFileType = sourcecode.c.objc; path = main.m; sourceTree = "<group>"; };
		0A4F0AB21BD4656000C8A8D0 /* AppDelegate.h */ = {isa = PBXFileReference; lastKnownFileType = sourcecode.c.h; path = AppDelegate.h; sourceTree = "<group>"; };
		0A4F0AB31BD4656000C8A8D0 /* AppDelegate.m */ = {isa = PBXFileReference; lastKnownFileType = sourcecode.c.objc; path = AppDelegate.m; sourceTree = "<group>"; };
		0A4F0ABC1BD4656000C8A8D0 /* AdyLix.xcdatamodel */ = {isa = PBXFileReference; lastKnownFileType = wrapper.xcdatamodel; path = AdyLix.xcdatamodel; sourceTree = "<group>"; };
		0A4F0AC11BD4656000C8A8D0 /* Base */ = {isa = PBXFileReference; lastKnownFileType = file.storyboard; name = Base; path = Base.lproj/LaunchScreen.storyboard; sourceTree = "<group>"; };
		0A4F0AC31BD4656000C8A8D0 /* Info.plist */ = {isa = PBXFileReference; lastKnownFileType = text.plist.xml; path = Info.plist; sourceTree = "<group>"; };
		0A4F0AC81BD4656000C8A8D0 /* AdyLixTests.xctest */ = {isa = PBXFileReference; explicitFileType = wrapper.cfbundle; includeInIndex = 0; path = AdyLixTests.xctest; sourceTree = BUILT_PRODUCTS_DIR; };
		0A4F0ACC1BD4656000C8A8D0 /* AdyLixTests.m */ = {isa = PBXFileReference; lastKnownFileType = sourcecode.c.objc; path = AdyLixTests.m; sourceTree = "<group>"; };
		0A4F0ACE1BD4656000C8A8D0 /* Info.plist */ = {isa = PBXFileReference; lastKnownFileType = text.plist.xml; path = Info.plist; sourceTree = "<group>"; };
		0A4F0AD31BD4656000C8A8D0 /* AdyLixUITests.xctest */ = {isa = PBXFileReference; explicitFileType = wrapper.cfbundle; includeInIndex = 0; path = AdyLixUITests.xctest; sourceTree = BUILT_PRODUCTS_DIR; };
		0A4F0AD71BD4656000C8A8D0 /* AdyLixUITests.m */ = {isa = PBXFileReference; lastKnownFileType = sourcecode.c.objc; path = AdyLixUITests.m; sourceTree = "<group>"; };
		0A4F0AD91BD4656000C8A8D0 /* Info.plist */ = {isa = PBXFileReference; lastKnownFileType = text.plist.xml; path = Info.plist; sourceTree = "<group>"; };
		0A4FA0121BD94496003ED366 /* background-mod.png */ = {isa = PBXFileReference; lastKnownFileType = image.png; name = "background-mod.png"; path = "Res/background-mod.png"; sourceTree = "<group>"; };
		0A4FA01A1BD96737003ED366 /* DataInfo.m */ = {isa = PBXFileReference; fileEncoding = 4; lastKnownFileType = sourcecode.c.objc; name = DataInfo.m; path = Models/DataInfo.m; sourceTree = "<group>"; };
		0A4FA01E1BD99C7D003ED366 /* ActivityIndicator.h */ = {isa = PBXFileReference; fileEncoding = 4; lastKnownFileType = sourcecode.c.h; name = ActivityIndicator.h; path = Controllers/UI/ActivityIndicator.h; sourceTree = "<group>"; };
		0A4FA01F1BD99C7D003ED366 /* ActivityIndicator.m */ = {isa = PBXFileReference; fileEncoding = 4; lastKnownFileType = sourcecode.c.objc; name = ActivityIndicator.m; path = Controllers/UI/ActivityIndicator.m; sourceTree = "<group>"; };
		0A4FA0201BD99C7D003ED366 /* ASStarRatingView.h */ = {isa = PBXFileReference; fileEncoding = 4; lastKnownFileType = sourcecode.c.h; name = ASStarRatingView.h; path = Controllers/UI/ASStarRatingView.h; sourceTree = "<group>"; };
		0A4FA0211BD99C7D003ED366 /* ASStarRatingView.m */ = {isa = PBXFileReference; fileEncoding = 4; lastKnownFileType = sourcecode.c.objc; name = ASStarRatingView.m; path = Controllers/UI/ASStarRatingView.m; sourceTree = "<group>"; };
		0A4FA0221BD99C7D003ED366 /* MBProgressHUD.h */ = {isa = PBXFileReference; fileEncoding = 4; lastKnownFileType = sourcecode.c.h; name = MBProgressHUD.h; path = Controllers/UI/MBProgressHUD.h; sourceTree = "<group>"; };
		0A4FA0231BD99C7D003ED366 /* MBProgressHUD.m */ = {isa = PBXFileReference; fileEncoding = 4; lastKnownFileType = sourcecode.c.objc; name = MBProgressHUD.m; path = Controllers/UI/MBProgressHUD.m; sourceTree = "<group>"; };
		0A4FA0271BD99FC8003ED366 /* ItemTableViewController.m */ = {isa = PBXFileReference; fileEncoding = 4; lastKnownFileType = sourcecode.c.objc; name = ItemTableViewController.m; path = Controllers/ItemTableViewController.m; sourceTree = "<group>"; };
		0A4FA02A1BD9A397003ED366 /* ItemTableViewController.h */ = {isa = PBXFileReference; fileEncoding = 4; lastKnownFileType = sourcecode.c.h; name = ItemTableViewController.h; path = Controllers/ItemTableViewController.h; sourceTree = "<group>"; };
		0A61D3691C2A1654003553DB /* BaseViewController.m */ = {isa = PBXFileReference; fileEncoding = 4; lastKnownFileType = sourcecode.c.objc; name = BaseViewController.m; path = Helpers/BaseViewController.m; sourceTree = "<group>"; };
		0A61D36C1C2A26DD003553DB /* menu.png */ = {isa = PBXFileReference; lastKnownFileType = image.png; name = menu.png; path = Res/menu.png; sourceTree = "<group>"; };
		0A61D36D1C2A26DD003553DB /* menu@2x.png */ = {isa = PBXFileReference; lastKnownFileType = image.png; name = "menu@2x.png"; path = "Res/menu@2x.png"; sourceTree = "<group>"; };
		0A68AA711C23A68D00766AF9 /* FBLoginViewController.h */ = {isa = PBXFileReference; fileEncoding = 4; lastKnownFileType = sourcecode.c.h; name = FBLoginViewController.h; path = Controllers/FBLoginViewController.h; sourceTree = "<group>"; };
		0A68AA721C23A68D00766AF9 /* FBLoginViewController.m */ = {isa = PBXFileReference; fileEncoding = 4; lastKnownFileType = sourcecode.c.objc; name = FBLoginViewController.m; path = Controllers/FBLoginViewController.m; sourceTree = "<group>"; };
		0A68AA9C1C23BEEF00766AF9 /* AppRelated.h */ = {isa = PBXFileReference; lastKnownFileType = sourcecode.c.h; path = AppRelated.h; sourceTree = "<group>"; };
		0A68BB291C23C9C100766AF9 /* CoreFoundation.framework */ = {isa = PBXFileReference; lastKnownFileType = wrapper.framework; name = CoreFoundation.framework; path = System/Library/Frameworks/CoreFoundation.framework; sourceTree = SDKROOT; };
		0A68BB2A1C23C9C100766AF9 /* CoreLocation.framework */ = {isa = PBXFileReference; lastKnownFileType = wrapper.framework; name = CoreLocation.framework; path = System/Library/Frameworks/CoreLocation.framework; sourceTree = SDKROOT; };
		0A68BB2D1C23C9F000766AF9 /* Security.framework */ = {isa = PBXFileReference; lastKnownFileType = wrapper.framework; name = Security.framework; path = System/Library/Frameworks/Security.framework; sourceTree = SDKROOT; };
		0A68BB2E1C23C9F000766AF9 /* SystemConfiguration.framework */ = {isa = PBXFileReference; lastKnownFileType = wrapper.framework; name = SystemConfiguration.framework; path = System/Library/Frameworks/SystemConfiguration.framework; sourceTree = SDKROOT; };
		0A68BB371C23CE9600766AF9 /* libParseFacebookUtilsV4.a */ = {isa = PBXFileReference; lastKnownFileType = archive.ar; name = libParseFacebookUtilsV4.a; path = "Pods/../build/Debug-iphoneos/libParseFacebookUtilsV4.a"; sourceTree = "<group>"; };
		0A68BB391C23CF2500766AF9 /* libBolts.a */ = {isa = PBXFileReference; lastKnownFileType = archive.ar; name = libBolts.a; path = "Pods/../build/Debug-iphoneos/libBolts.a"; sourceTree = "<group>"; };
		0A68BB3A1C23CF2500766AF9 /* libFBSDKCoreKit.a */ = {isa = PBXFileReference; lastKnownFileType = archive.ar; name = libFBSDKCoreKit.a; path = "Pods/../build/Debug-iphoneos/libFBSDKCoreKit.a"; sourceTree = "<group>"; };
		0A68BB3B1C23CF2500766AF9 /* libFBSDKLoginKit.a */ = {isa = PBXFileReference; lastKnownFileType = archive.ar; name = libFBSDKLoginKit.a; path = "Pods/../build/Debug-iphoneos/libFBSDKLoginKit.a"; sourceTree = "<group>"; };
		0A68BB3C1C23CF2500766AF9 /* libFBSDKShareKit.a */ = {isa = PBXFileReference; lastKnownFileType = archive.ar; name = libFBSDKShareKit.a; path = "Pods/../build/Debug-iphoneos/libFBSDKShareKit.a"; sourceTree = "<group>"; };
		0A68BB3D1C23CF2500766AF9 /* libParse.a */ = {isa = PBXFileReference; lastKnownFileType = archive.ar; name = libParse.a; path = "Pods/../build/Debug-iphoneos/libParse.a"; sourceTree = "<group>"; };
		0A68BB451C23D11600766AF9 /* libParseFacebookUtilsV4.a */ = {isa = PBXFileReference; lastKnownFileType = archive.ar; name = libParseFacebookUtilsV4.a; path = "Pods/../build/Debug-iphoneos/libParseFacebookUtilsV4.a"; sourceTree = "<group>"; };
		0A68BB471C23D1A800766AF9 /* libParseFacebookUtilsV4.a */ = {isa = PBXFileReference; lastKnownFileType = archive.ar; name = libParseFacebookUtilsV4.a; path = "Pods/../build/Debug-iphoneos/libParseFacebookUtilsV4.a"; sourceTree = "<group>"; };
		0A68BB491C23D41C00766AF9 /* libFBSDKCoreKit.a */ = {isa = PBXFileReference; lastKnownFileType = archive.ar; name = libFBSDKCoreKit.a; path = "Pods/../build/Debug-iphoneos/libFBSDKCoreKit.a"; sourceTree = "<group>"; };
		0A68BB4A1C23D41C00766AF9 /* libFBSDKLoginKit.a */ = {isa = PBXFileReference; lastKnownFileType = archive.ar; name = libFBSDKLoginKit.a; path = "Pods/../build/Debug-iphoneos/libFBSDKLoginKit.a"; sourceTree = "<group>"; };
		0A68BB4D1C23D61D00766AF9 /* libParse.a */ = {isa = PBXFileReference; lastKnownFileType = archive.ar; name = libParse.a; path = "Pods/../build/Debug-iphoneos/libParse.a"; sourceTree = "<group>"; };
		0A68BB4F1C23D62100766AF9 /* libFBSDKShareKit.a */ = {isa = PBXFileReference; lastKnownFileType = archive.ar; name = libFBSDKShareKit.a; path = "Pods/../build/Debug-iphoneos/libFBSDKShareKit.a"; sourceTree = "<group>"; };
		0A68BB511C23D62700766AF9 /* libBolts.a */ = {isa = PBXFileReference; lastKnownFileType = archive.ar; name = libBolts.a; path = "Pods/../build/Debug-iphoneos/libBolts.a"; sourceTree = "<group>"; };
		0A68BB551C23D74B00766AF9 /* Parse.framework */ = {isa = PBXFileReference; lastKnownFileType = wrapper.framework; name = Parse.framework; path = AdyLix/Frameworks/Parse.framework; sourceTree = "<group>"; };
		0A68BB571C23D79F00766AF9 /* ParseUI.framework */ = {isa = PBXFileReference; lastKnownFileType = wrapper.framework; name = ParseUI.framework; path = AdyLix/Frameworks/ParseUI.framework; sourceTree = "<group>"; };
		0A68BB5A1C23D9DB00766AF9 /* libsqlite3.a */ = {isa = PBXFileReference; lastKnownFileType = archive.ar; name = libsqlite3.a; path = "Pods/../build/Debug-iphoneos/libsqlite3.a"; sourceTree = "<group>"; };
		0A68BB5C1C23D9F500766AF9 /* libParse.a */ = {isa = PBXFileReference; lastKnownFileType = archive.ar; name = libParse.a; path = "Pods/../build/Debug-iphoneos/libParse.a"; sourceTree = "<group>"; };
		0A68BB5D1C23D9F500766AF9 /* libParseUI.a */ = {isa = PBXFileReference; lastKnownFileType = archive.ar; name = libParseUI.a; path = "Pods/../build/Debug-iphoneos/libParseUI.a"; sourceTree = "<group>"; };
		0A68BB601C23DA1200766AF9 /* SignUpViewController.m */ = {isa = PBXFileReference; fileEncoding = 4; lastKnownFileType = sourcecode.c.objc; name = SignUpViewController.m; path = Controllers/SignUpViewController.m; sourceTree = "<group>"; };
		0A6976A11C2A3E5C009F614C /* camera.png */ = {isa = PBXFileReference; lastKnownFileType = image.png; name = camera.png; path = Res/camera.png; sourceTree = "<group>"; };
		0A6976A31C2A6980009F614C /* BaseViewController.h */ = {isa = PBXFileReference; fileEncoding = 4; lastKnownFileType = sourcecode.c.h; name = BaseViewController.h; path = Helpers/BaseViewController.h; sourceTree = "<group>"; };
		0A6976A41C2A6B03009F614C /* SettingsController.h */ = {isa = PBXFileReference; fileEncoding = 4; lastKnownFileType = sourcecode.c.h; name = SettingsController.h; path = Controllers/SettingsController.h; sourceTree = "<group>"; };
		0A6976A51C2A6B03009F614C /* SettingsController.m */ = {isa = PBXFileReference; fileEncoding = 4; lastKnownFileType = sourcecode.c.objc; name = SettingsController.m; path = Controllers/SettingsController.m; sourceTree = "<group>"; };
		0A6A1B001C28E27A008E3C6F /* bk-mk.png */ = {isa = PBXFileReference; lastKnownFileType = image.png; name = "bk-mk.png"; path = "Res/bk-mk.png"; sourceTree = "<group>"; };
		0A6A1B021C28F18B008E3C6F /* Assets.xcassets */ = {isa = PBXFileReference; lastKnownFileType = folder.assetcatalog; path = Assets.xcassets; sourceTree = "<group>"; };
		0A6A1B0A1C28F949008E3C6F /* map.png */ = {isa = PBXFileReference; lastKnownFileType = image.png; name = map.png; path = Res/map.png; sourceTree = "<group>"; };
		0A6A1B0C1C28FA9D008E3C6F /* map2x.png */ = {isa = PBXFileReference; lastKnownFileType = image.png; name = map2x.png; path = Res/map2x.png; sourceTree = "<group>"; };
		0A6A1B0D1C28FA9D008E3C6F /* map3x.png */ = {isa = PBXFileReference; lastKnownFileType = image.png; name = map3x.png; path = Res/map3x.png; sourceTree = "<group>"; };
		0A6A1B101C28FBF3008E3C6F /* Warrior-icon-small-25x25.png */ = {isa = PBXFileReference; lastKnownFileType = image.png; name = "Warrior-icon-small-25x25.png"; path = "Res/Warrior-icon-small-25x25.png"; sourceTree = "<group>"; };
		0A6A1B121C290064008E3C6F /* 1x.png */ = {isa = PBXFileReference; lastKnownFileType = image.png; path = 1x.png; sourceTree = "<group>"; };
		0A6A1B131C290064008E3C6F /* 2x.png */ = {isa = PBXFileReference; lastKnownFileType = image.png; path = 2x.png; sourceTree = "<group>"; };
		0A6A1B161C2900EE008E3C6F /* p1x.png */ = {isa = PBXFileReference; lastKnownFileType = image.png; path = p1x.png; sourceTree = "<group>"; };
		0A6A1B171C2900EE008E3C6F /* p2x.png */ = {isa = PBXFileReference; lastKnownFileType = image.png; path = p2x.png; sourceTree = "<group>"; };
		0A6A1B1A1C290D02008E3C6F /* share.png */ = {isa = PBXFileReference; lastKnownFileType = image.png; name = share.png; path = Res/share.png; sourceTree = "<group>"; };
		0A6AEE791BF871A3009880CD /* GetItemInfo.js */ = {isa = PBXFileReference; fileEncoding = 4; lastKnownFileType = sourcecode.javascript; path = GetItemInfo.js; sourceTree = "<group>"; };
		0A6BED1A1C28A85C0089EB23 /* disocver.png */ = {isa = PBXFileReference; lastKnownFileType = image.png; name = disocver.png; path = Res/disocver.png; sourceTree = "<group>"; };
		0A6BED1B1C28A85D0089EB23 /* reel.png */ = {isa = PBXFileReference; lastKnownFileType = image.png; name = reel.png; path = Res/reel.png; sourceTree = "<group>"; };
		0A6BED1C1C28A85D0089EB23 /* wardrobe.png */ = {isa = PBXFileReference; lastKnownFileType = image.png; name = wardrobe.png; path = Res/wardrobe.png; sourceTree = "<group>"; };
		0A70DC591C13E2C10000E328 /* RegisterItemController.h */ = {isa = PBXFileReference; fileEncoding = 4; lastKnownFileType = sourcecode.c.h; name = RegisterItemController.h; path = Controllers/RegisterItemController.h; sourceTree = "<group>"; };
		0A70DC5A1C13E2C10000E328 /* RegisterItemController.m */ = {isa = PBXFileReference; fileEncoding = 4; lastKnownFileType = sourcecode.c.objc; name = RegisterItemController.m; path = Controllers/RegisterItemController.m; sourceTree = "<group>"; };
		0A70DC5C1C13ECB20000E328 /* CaptureSessionManager.h */ = {isa = PBXFileReference; fileEncoding = 4; lastKnownFileType = sourcecode.c.h; name = CaptureSessionManager.h; path = Controllers/CaptureSessionManager.h; sourceTree = "<group>"; };
		0A70DC5D1C13ECB20000E328 /* CaptureSessionManager.m */ = {isa = PBXFileReference; fileEncoding = 4; lastKnownFileType = sourcecode.c.objc; name = CaptureSessionManager.m; path = Controllers/CaptureSessionManager.m; sourceTree = "<group>"; };
		0A70DC5F1C13F5590000E328 /* overlaygraphic.png */ = {isa = PBXFileReference; lastKnownFileType = image.png; name = overlaygraphic.png; path = Res/overlaygraphic.png; sourceTree = "<group>"; };
		0A70DC601C13F5590000E328 /* scanbutton.png */ = {isa = PBXFileReference; lastKnownFileType = image.png; name = scanbutton.png; path = Res/scanbutton.png; sourceTree = "<group>"; };
		0A83B26D1BEB20B6002DA2DD /* Item.h */ = {isa = PBXFileReference; fileEncoding = 4; lastKnownFileType = sourcecode.c.h; name = Item.h; path = Models/Item.h; sourceTree = "<group>"; };
		0A83B26E1BEB20B6002DA2DD /* Item.m */ = {isa = PBXFileReference; fileEncoding = 4; lastKnownFileType = sourcecode.c.objc; name = Item.m; path = Models/Item.m; sourceTree = "<group>"; };
		0A85419F1C2505ED00B41F29 /* NotificationController.h */ = {isa = PBXFileReference; fileEncoding = 4; lastKnownFileType = sourcecode.c.h; name = NotificationController.h; path = Controllers/NotificationController.h; sourceTree = "<group>"; };
		0A8541A01C2505ED00B41F29 /* NotificationController.m */ = {isa = PBXFileReference; fileEncoding = 4; lastKnownFileType = sourcecode.c.objc; name = NotificationController.m; path = Controllers/NotificationController.m; sourceTree = "<group>"; };
		0A86A30C1BE9DBC8001245D7 /* User.h */ = {isa = PBXFileReference; fileEncoding = 4; lastKnownFileType = sourcecode.c.h; name = User.h; path = Models/User.h; sourceTree = "<group>"; };
		0A86A30D1BE9DBC8001245D7 /* User.m */ = {isa = PBXFileReference; fileEncoding = 4; lastKnownFileType = sourcecode.c.objc; name = User.m; path = Models/User.m; sourceTree = "<group>"; };
		0A86A3201BE9EC81001245D7 /* FacebookSDKStrings.bundle */ = {isa = PBXFileReference; lastKnownFileType = "wrapper.plug-in"; name = FacebookSDKStrings.bundle; path = AdyLix/Frameworks/FacebookSDKStrings.bundle; sourceTree = "<group>"; };
		0A9AA7DE1BF14A9500DEE2BF /* AdyLix-Extension.appex */ = {isa = PBXFileReference; explicitFileType = "wrapper.app-extension"; includeInIndex = 0; path = "AdyLix-Extension.appex"; sourceTree = BUILT_PRODUCTS_DIR; };
		0A9AA7E01BF14A9500DEE2BF /* ShareViewController.h */ = {isa = PBXFileReference; lastKnownFileType = sourcecode.c.h; path = ShareViewController.h; sourceTree = "<group>"; };
		0A9AA7E11BF14A9500DEE2BF /* ShareViewController.m */ = {isa = PBXFileReference; lastKnownFileType = sourcecode.c.objc; path = ShareViewController.m; sourceTree = "<group>"; };
		0A9AA7E41BF14A9500DEE2BF /* Base */ = {isa = PBXFileReference; lastKnownFileType = file.storyboard; name = Base; path = Base.lproj/MainInterface.storyboard; sourceTree = "<group>"; };
		0A9AA7E61BF14A9500DEE2BF /* Info.plist */ = {isa = PBXFileReference; lastKnownFileType = text.plist.xml; path = Info.plist; sourceTree = "<group>"; };
		0A9C70C21C2490970044EC03 /* FBLogin.png */ = {isa = PBXFileReference; lastKnownFileType = image.png; path = FBLogin.png; sourceTree = "<group>"; };
		0A9C70C51C249C3B0044EC03 /* Style.h */ = {isa = PBXFileReference; fileEncoding = 4; lastKnownFileType = sourcecode.c.h; name = Style.h; path = Models/Style.h; sourceTree = "<group>"; };
		0A9C70C61C249C3B0044EC03 /* Style.m */ = {isa = PBXFileReference; fileEncoding = 4; lastKnownFileType = sourcecode.c.objc; name = Style.m; path = Models/Style.m; sourceTree = "<group>"; };
		0A9C70C71C249C3B0044EC03 /* DataInfo.h */ = {isa = PBXFileReference; fileEncoding = 4; lastKnownFileType = sourcecode.c.h; name = DataInfo.h; path = Models/DataInfo.h; sourceTree = "<group>"; };
		0A9C70CE1C24C09C0044EC03 /* ShareHelper.h */ = {isa = PBXFileReference; fileEncoding = 4; lastKnownFileType = sourcecode.c.h; name = ShareHelper.h; path = Controllers/UI/ShareHelper.h; sourceTree = "<group>"; };
		0A9C70CF1C24C09C0044EC03 /* ShareHelper.m */ = {isa = PBXFileReference; fileEncoding = 4; lastKnownFileType = sourcecode.c.objc; name = ShareHelper.m; path = Controllers/UI/ShareHelper.m; sourceTree = "<group>"; };
		0A9C70D11C24C0AC0044EC03 /* MainController.h */ = {isa = PBXFileReference; fileEncoding = 4; lastKnownFileType = sourcecode.c.h; name = MainController.h; path = Controllers/MainController.h; sourceTree = "<group>"; };
		0A9C70D21C24C0AC0044EC03 /* MainController.m */ = {isa = PBXFileReference; fileEncoding = 4; lastKnownFileType = sourcecode.c.objc; name = MainController.m; path = Controllers/MainController.m; sourceTree = "<group>"; };
		0A9C70D41C24C0BC0044EC03 /* SignUpViewController.h */ = {isa = PBXFileReference; fileEncoding = 4; lastKnownFileType = sourcecode.c.h; name = SignUpViewController.h; path = Controllers/SignUpViewController.h; sourceTree = "<group>"; };
		0A9C70D61C24C0D00044EC03 /* connector.h */ = {isa = PBXFileReference; fileEncoding = 4; lastKnownFileType = sourcecode.c.h; name = connector.h; path = Helpers/connector.h; sourceTree = "<group>"; };
		0A9C70D71C24C0D00044EC03 /* connector.m */ = {isa = PBXFileReference; fileEncoding = 4; lastKnownFileType = sourcecode.c.objc; name = connector.m; path = Helpers/connector.m; sourceTree = "<group>"; };
		0A9C70D81C24C0D00044EC03 /* FBLogin.h */ = {isa = PBXFileReference; fileEncoding = 4; lastKnownFileType = sourcecode.c.h; name = FBLogin.h; path = Helpers/FBLogin.h; sourceTree = "<group>"; };
		0A9C70D91C24C0D00044EC03 /* FBLogin.m */ = {isa = PBXFileReference; fileEncoding = 4; lastKnownFileType = sourcecode.c.objc; name = FBLogin.m; path = Helpers/FBLogin.m; sourceTree = "<group>"; };
		0A9C70DC1C24D99A0044EC03 /* UserInfo.h */ = {isa = PBXFileReference; fileEncoding = 4; lastKnownFileType = sourcecode.c.h; name = UserInfo.h; path = Models/UserInfo.h; sourceTree = "<group>"; };
		0A9C70DD1C24D99A0044EC03 /* UserInfo.m */ = {isa = PBXFileReference; fileEncoding = 4; lastKnownFileType = sourcecode.c.objc; name = UserInfo.m; path = Models/UserInfo.m; sourceTree = "<group>"; };
		0AAEC3A31C2C6A1F000468E3 /* emptyProfile.png */ = {isa = PBXFileReference; lastKnownFileType = image.png; name = emptyProfile.png; path = Res/emptyProfile.png; sourceTree = "<group>"; };
		0AAEC3A51C2C7C28000468E3 /* framesBorder.png */ = {isa = PBXFileReference; lastKnownFileType = image.png; name = framesBorder.png; path = Res/framesBorder.png; sourceTree = "<group>"; };
		0AAEC3A71C2C7EA6000468E3 /* Utility.m */ = {isa = PBXFileReference; fileEncoding = 4; lastKnownFileType = sourcecode.c.objc; path = Utility.m; sourceTree = "<group>"; };
		0AAEC3A91C2C7EFD000468E3 /* Utility.h */ = {isa = PBXFileReference; lastKnownFileType = sourcecode.c.h; path = Utility.h; sourceTree = "<group>"; };
		0AC7839B1C152ABD0028CAFF /* red.png */ = {isa = PBXFileReference; lastKnownFileType = image.png; name = red.png; path = Res/red.png; sourceTree = "<group>"; };
		0AF64EE31BDBE69300B9B9EB /* Icon-40@2x.png */ = {isa = PBXFileReference; lastKnownFileType = image.png; name = "Icon-40@2x.png"; path = "Assets.xcassets/AppIcon.appiconset/Icon-40@2x.png"; sourceTree = "<group>"; };
		3C0EC98935A77CC01669EE5A /* libPods.a */ = {isa = PBXFileReference; explicitFileType = archive.ar; includeInIndex = 0; path = libPods.a; sourceTree = BUILT_PRODUCTS_DIR; };
		B658DA636DDDAE8C967B631A /* Pods.debug.xcconfig */ = {isa = PBXFileReference; includeInIndex = 1; lastKnownFileType = text.xcconfig; name = Pods.debug.xcconfig; path = "Pods/Target Support Files/Pods/Pods.debug.xcconfig"; sourceTree = "<group>"; };
		E3F77A0AC295CBA041842974 /* Pods.release.xcconfig */ = {isa = PBXFileReference; includeInIndex = 1; lastKnownFileType = text.xcconfig; name = Pods.release.xcconfig; path = "Pods/Target Support Files/Pods/Pods.release.xcconfig"; sourceTree = "<group>"; };
/* End PBXFileReference section */

/* Begin PBXFrameworksBuildPhase section */
		0A4F0AA91BD4656000C8A8D0 /* Frameworks */ = {
			isa = PBXFrameworksBuildPhase;
			buildActionMask = 2147483647;
			files = (
				0A68BB5E1C23D9F500766AF9 /* libParse.a in Frameworks */,
				0A68BB5F1C23D9F500766AF9 /* libParseUI.a in Frameworks */,
				0A68BB5B1C23D9DB00766AF9 /* libsqlite3.a in Frameworks */,
				0A68BB591C23D7B800766AF9 /* ParseUI.framework in Frameworks */,
				0A68BB521C23D62700766AF9 /* libBolts.a in Frameworks */,
				0A68BB501C23D62100766AF9 /* libFBSDKShareKit.a in Frameworks */,
				0A68BB4B1C23D41C00766AF9 /* libFBSDKCoreKit.a in Frameworks */,
				0A68BB4C1C23D41C00766AF9 /* libFBSDKLoginKit.a in Frameworks */,
				0A68BB481C23D1A800766AF9 /* libParseFacebookUtilsV4.a in Frameworks */,
				0A68BB2F1C23C9F000766AF9 /* Security.framework in Frameworks */,
				0A68BB561C23D74B00766AF9 /* Parse.framework in Frameworks */,
				0A68BB301C23C9F000766AF9 /* SystemConfiguration.framework in Frameworks */,
				0A68BB2B1C23C9C100766AF9 /* CoreFoundation.framework in Frameworks */,
				0A68BB2C1C23C9C100766AF9 /* CoreLocation.framework in Frameworks */,
				0D662D2B24E14D86705723D4 /* libPods.a in Frameworks */,
			);
			runOnlyForDeploymentPostprocessing = 0;
		};
		0A4F0AC51BD4656000C8A8D0 /* Frameworks */ = {
			isa = PBXFrameworksBuildPhase;
			buildActionMask = 2147483647;
			files = (
			);
			runOnlyForDeploymentPostprocessing = 0;
		};
		0A4F0AD01BD4656000C8A8D0 /* Frameworks */ = {
			isa = PBXFrameworksBuildPhase;
			buildActionMask = 2147483647;
			files = (
			);
			runOnlyForDeploymentPostprocessing = 0;
		};
		0A9AA7DB1BF14A9500DEE2BF /* Frameworks */ = {
			isa = PBXFrameworksBuildPhase;
			buildActionMask = 2147483647;
			files = (
			);
			runOnlyForDeploymentPostprocessing = 0;
		};
/* End PBXFrameworksBuildPhase section */

/* Begin PBXGroup section */
		0A47BC661BDAAE8700D362B9 /* progress */ = {
			isa = PBXGroup;
			children = (
				0A47BC671BDAAE9400D362B9 /* 37x-Checkmark.png */,
				0A47BC681BDAAE9400D362B9 /* 37x-Checkmark@2x.png */,
				0A47BC691BDAAE9400D362B9 /* Default-568h@2x.png */,
				0A47BC6A1BDAAE9400D362B9 /* Default-iOS7-568h@2x.png */,
				0A47BC6B1BDAAE9400D362B9 /* Default-iOS7@2x.png */,
				0A47BC6C1BDAAE9400D362B9 /* Default.png */,
				0A47BC6D1BDAAE9400D362B9 /* Default@2x.png */,
				0A47BC6E1BDAAE9400D362B9 /* Icon-iOS7@2x.png */,
				0A47BC6F1BDAAE9400D362B9 /* Icon-Small.png */,
				0A47BC701BDAAE9400D362B9 /* Icon-Small@2x.png */,
				0A47BC711BDAAE9400D362B9 /* Icon.png */,
				0A47BC721BDAAE9400D362B9 /* Icon@2x.png */,
			);
			name = progress;
			sourceTree = "<group>";
		};
		0A4E21CC1BDA07ED00B01D12 /* stars */ = {
			isa = PBXGroup;
			children = (
				0A4E21CD1BDA080100B01D12 /* half_selected_star.png */,
				0A4E21CE1BDA080100B01D12 /* half_selected_star@2x.png */,
				0A4E21CF1BDA080100B01D12 /* not_selected_star.png */,
				0A4E21D01BDA080100B01D12 /* not_selected_star@2x.png */,
				0A4E21D11BDA080100B01D12 /* selected_star.png */,
				0A4E21D21BDA080100B01D12 /* selected_star@2x.png */,
			);
			name = stars;
			sourceTree = "<group>";
		};
		0A4E31341BD47D33004776A2 /* Models */ = {
			isa = PBXGroup;
			children = (
				0A9C70C51C249C3B0044EC03 /* Style.h */,
				0A9C70C61C249C3B0044EC03 /* Style.m */,
				0A9C70DC1C24D99A0044EC03 /* UserInfo.h */,
				0A9C70DD1C24D99A0044EC03 /* UserInfo.m */,
				0A9C70C71C249C3B0044EC03 /* DataInfo.h */,
				0A4FA01A1BD96737003ED366 /* DataInfo.m */,
				0A83B26D1BEB20B6002DA2DD /* Item.h */,
				0A83B26E1BEB20B6002DA2DD /* Item.m */,
				0A86A30C1BE9DBC8001245D7 /* User.h */,
				0A86A30D1BE9DBC8001245D7 /* User.m */,
			);
			name = Models;
			sourceTree = "<group>";
		};
		0A4E31351BD47D38004776A2 /* Controllers */ = {
			isa = PBXGroup;
			children = (
				0A9C70D11C24C0AC0044EC03 /* MainController.h */,
				0A9C70D21C24C0AC0044EC03 /* MainController.m */,
				0A9C70D51C24C0C00044EC03 /* Helpers */,
				0A68AA701C23A67A00766AF9 /* Login */,
				0A8443621C1D25A2009AB523 /* Profile */,
				0A8443611C1D2528009AB523 /* Wardrobe */,
				0A8443601C1D2516009AB523 /* Discovery */,
				0A4FA01D1BD99C6F003ED366 /* UI */,
			);
			name = Controllers;
			sourceTree = "<group>";
		};
		0A4E314D1BD47D72004776A2 /* Res */ = {
			isa = PBXGroup;
			children = (
				0AAEC3A51C2C7C28000468E3 /* framesBorder.png */,
				0AAEC3A31C2C6A1F000468E3 /* emptyProfile.png */,
				0A6976A11C2A3E5C009F614C /* camera.png */,
				0A61D36C1C2A26DD003553DB /* menu.png */,
				0A61D36D1C2A26DD003553DB /* menu@2x.png */,
				0A6A1B1A1C290D02008E3C6F /* share.png */,
				0A6A1B161C2900EE008E3C6F /* p1x.png */,
				0A6A1B171C2900EE008E3C6F /* p2x.png */,
				0A6A1B121C290064008E3C6F /* 1x.png */,
				0A6A1B131C290064008E3C6F /* 2x.png */,
				0A6A1B101C28FBF3008E3C6F /* Warrior-icon-small-25x25.png */,
				0A6A1B0C1C28FA9D008E3C6F /* map2x.png */,
				0A6A1B0D1C28FA9D008E3C6F /* map3x.png */,
				0A6A1B0A1C28F949008E3C6F /* map.png */,
				0A6A1B001C28E27A008E3C6F /* bk-mk.png */,
				0A6BED1A1C28A85C0089EB23 /* disocver.png */,
				0A6BED1B1C28A85D0089EB23 /* reel.png */,
				0A6BED1C1C28A85D0089EB23 /* wardrobe.png */,
				0AC7839B1C152ABD0028CAFF /* red.png */,
				0A9C70C21C2490970044EC03 /* FBLogin.png */,
				0A70DC5F1C13F5590000E328 /* overlaygraphic.png */,
				0A70DC601C13F5590000E328 /* scanbutton.png */,
				0A4E13741BDE8F200012B8B8 /* signout.jpg */,
				0A4E13721BDE8B320012B8B8 /* submit.jpg */,
				0AF64EE31BDBE69300B9B9EB /* Icon-40@2x.png */,
				0A47BC8A1BDAEC6F00D362B9 /* hat.gif */,
				0A47BC881BDAE9BB00D362B9 /* hat.png */,
				0A47BC661BDAAE8700D362B9 /* progress */,
				0A4E21CC1BDA07ED00B01D12 /* stars */,
				0A4FA0121BD94496003ED366 /* background-mod.png */,
				0A4E314E1BD47D88004776A2 /* background.png */,
				0A4E31551BD47D88004776A2 /* Icon@2x copy.png */,
				0A4E31561BD47D88004776A2 /* Icon@2x rot2.png */,
				0A4E31571BD47D88004776A2 /* Icon@2x rot3.png */,
				0A4E31591BD47D88004776A2 /* items.jpeg */,
				0A4E315A1BD47D88004776A2 /* items.jpg */,
				0A4E315D1BD47D88004776A2 /* profile.png */,
				0A4E315F1BD47D88004776A2 /* wait.gif */,
			);
			name = Res;
			sourceTree = "<group>";
		};
		0A4F0AA31BD4655F00C8A8D0 = {
			isa = PBXGroup;
			children = (
				0A86A3201BE9EC81001245D7 /* FacebookSDKStrings.bundle */,
				0A4F0AAE1BD4656000C8A8D0 /* AdyLix */,
				0A4F0ACB1BD4656000C8A8D0 /* AdyLixTests */,
				0A4F0AD61BD4656000C8A8D0 /* AdyLixUITests */,
				0A9AA7DF1BF14A9500DEE2BF /* AdyLix-Extension */,
				0A4F0AAD1BD4656000C8A8D0 /* Products */,
				42D4DA298F443AB4A5D03DDF /* Pods */,
				4B79BF41EACB746E26717CD5 /* Frameworks */,
			);
			sourceTree = "<group>";
		};
		0A4F0AAD1BD4656000C8A8D0 /* Products */ = {
			isa = PBXGroup;
			children = (
				0A4F0AAC1BD4656000C8A8D0 /* AdyLix.app */,
				0A4F0AC81BD4656000C8A8D0 /* AdyLixTests.xctest */,
				0A4F0AD31BD4656000C8A8D0 /* AdyLixUITests.xctest */,
				0A9AA7DE1BF14A9500DEE2BF /* AdyLix-Extension.appex */,
			);
			name = Products;
			sourceTree = "<group>";
		};
		0A4F0AAE1BD4656000C8A8D0 /* AdyLix */ = {
			isa = PBXGroup;
			children = (
				0A47BC8C1BDAFCCE00D362B9 /* AdyLix.entitlements */,
				0A4F0AC01BD4656000C8A8D0 /* LaunchScreen.storyboard */,
				0A47BC821BDAB53900D362B9 /* Main.storyboard */,
				0A4F0AB21BD4656000C8A8D0 /* AppDelegate.h */,
				0A4F0AB31BD4656000C8A8D0 /* AppDelegate.m */,
				0A4E314D1BD47D72004776A2 /* Res */,
				0A4E31351BD47D38004776A2 /* Controllers */,
				0A4E31341BD47D33004776A2 /* Models */,
				0A4F0AC31BD4656000C8A8D0 /* Info.plist */,
				0A4F0ABB1BD4656000C8A8D0 /* AdyLix.xcdatamodeld */,
				0A4F0AAF1BD4656000C8A8D0 /* Supporting Files */,
				0A68AA9C1C23BEEF00766AF9 /* AppRelated.h */,
			);
			path = AdyLix;
			sourceTree = "<group>";
		};
		0A4F0AAF1BD4656000C8A8D0 /* Supporting Files */ = {
			isa = PBXGroup;
			children = (
				0A6A1B021C28F18B008E3C6F /* Assets.xcassets */,
				0A4F0AB01BD4656000C8A8D0 /* main.m */,
			);
			name = "Supporting Files";
			sourceTree = "<group>";
		};
		0A4F0ACB1BD4656000C8A8D0 /* AdyLixTests */ = {
			isa = PBXGroup;
			children = (
				0A4F0ACC1BD4656000C8A8D0 /* AdyLixTests.m */,
				0A4F0ACE1BD4656000C8A8D0 /* Info.plist */,
			);
			path = AdyLixTests;
			sourceTree = "<group>";
		};
		0A4F0AD61BD4656000C8A8D0 /* AdyLixUITests */ = {
			isa = PBXGroup;
			children = (
				0A4F0AD71BD4656000C8A8D0 /* AdyLixUITests.m */,
				0A4F0AD91BD4656000C8A8D0 /* Info.plist */,
			);
			path = AdyLixUITests;
			sourceTree = "<group>";
		};
		0A4FA01D1BD99C6F003ED366 /* UI */ = {
			isa = PBXGroup;
			children = (
				0A9C70CE1C24C09C0044EC03 /* ShareHelper.h */,
				0A9C70CF1C24C09C0044EC03 /* ShareHelper.m */,
				0A23B3BE1BDC3044008DEC1E /* TabBarController.h */,
				0A4FA01E1BD99C7D003ED366 /* ActivityIndicator.h */,
				0A4FA01F1BD99C7D003ED366 /* ActivityIndicator.m */,
				0A4FA0201BD99C7D003ED366 /* ASStarRatingView.h */,
				0A4FA0211BD99C7D003ED366 /* ASStarRatingView.m */,
				0A4FA0221BD99C7D003ED366 /* MBProgressHUD.h */,
				0A4FA0231BD99C7D003ED366 /* MBProgressHUD.m */,
				0A23B3BC1BDC3024008DEC1E /* TabBarController.m */,
				0AAEC3A71C2C7EA6000468E3 /* Utility.m */,
				0AAEC3A91C2C7EFD000468E3 /* Utility.h */,
			);
			name = UI;
			sourceTree = "<group>";
		};
		0A68AA701C23A67A00766AF9 /* Login */ = {
			isa = PBXGroup;
			children = (
				0A9C70D41C24C0BC0044EC03 /* SignUpViewController.h */,
				0A68BB601C23DA1200766AF9 /* SignUpViewController.m */,
				0A68AA711C23A68D00766AF9 /* FBLoginViewController.h */,
				0A68AA721C23A68D00766AF9 /* FBLoginViewController.m */,
			);
			name = Login;
			sourceTree = "<group>";
		};
		0A8443601C1D2516009AB523 /* Discovery */ = {
			isa = PBXGroup;
			children = (
				0A4E313A1BD47D48004776A2 /* LocateController.h */,
				0A4E313B1BD47D48004776A2 /* LocateController.m */,
			);
			name = Discovery;
			sourceTree = "<group>";
		};
		0A8443611C1D2528009AB523 /* Wardrobe */ = {
			isa = PBXGroup;
			children = (
				0A70DC591C13E2C10000E328 /* RegisterItemController.h */,
				0A70DC5A1C13E2C10000E328 /* RegisterItemController.m */,
				0A70DC5C1C13ECB20000E328 /* CaptureSessionManager.h */,
				0A70DC5D1C13ECB20000E328 /* CaptureSessionManager.m */,
				0A4E31381BD47D48004776A2 /* ItemsController.h */,
				0A4E31391BD47D48004776A2 /* ItemsController.m */,
				0A4FA0271BD99FC8003ED366 /* ItemTableViewController.m */,
				0A4FA02A1BD9A397003ED366 /* ItemTableViewController.h */,
			);
			name = Wardrobe;
			sourceTree = "<group>";
		};
		0A8443621C1D25A2009AB523 /* Profile */ = {
			isa = PBXGroup;
			children = (
				0A6976A41C2A6B03009F614C /* SettingsController.h */,
				0A6976A51C2A6B03009F614C /* SettingsController.m */,
				0A85419F1C2505ED00B41F29 /* NotificationController.h */,
				0A8541A01C2505ED00B41F29 /* NotificationController.m */,
				0A4E313C1BD47D48004776A2 /* UserController.h */,
				0A4E313D1BD47D48004776A2 /* UserController.m */,
			);
			name = Profile;
			sourceTree = "<group>";
		};
		0A9AA7DF1BF14A9500DEE2BF /* AdyLix-Extension */ = {
			isa = PBXGroup;
			children = (
				0A9AA7E01BF14A9500DEE2BF /* ShareViewController.h */,
				0A9AA7E11BF14A9500DEE2BF /* ShareViewController.m */,
				0A9AA7E31BF14A9500DEE2BF /* MainInterface.storyboard */,
				0A9AA7E61BF14A9500DEE2BF /* Info.plist */,
				0A6AEE791BF871A3009880CD /* GetItemInfo.js */,
			);
			path = "AdyLix-Extension";
			sourceTree = "<group>";
		};
		0A9C70D51C24C0C00044EC03 /* Helpers */ = {
			isa = PBXGroup;
			children = (
				0A6976A31C2A6980009F614C /* BaseViewController.h */,
				0A9C70D61C24C0D00044EC03 /* connector.h */,
				0A9C70D71C24C0D00044EC03 /* connector.m */,
				0A9C70D81C24C0D00044EC03 /* FBLogin.h */,
				0A9C70D91C24C0D00044EC03 /* FBLogin.m */,
				0A61D3691C2A1654003553DB /* BaseViewController.m */,
			);
			name = Helpers;
			sourceTree = "<group>";
		};
		42D4DA298F443AB4A5D03DDF /* Pods */ = {
			isa = PBXGroup;
			children = (
				B658DA636DDDAE8C967B631A /* Pods.debug.xcconfig */,
				E3F77A0AC295CBA041842974 /* Pods.release.xcconfig */,
			);
			name = Pods;
			sourceTree = "<group>";
		};
		4B79BF41EACB746E26717CD5 /* Frameworks */ = {
			isa = PBXGroup;
			children = (
				0A68BB5C1C23D9F500766AF9 /* libParse.a */,
				0A68BB5D1C23D9F500766AF9 /* libParseUI.a */,
				0A68BB5A1C23D9DB00766AF9 /* libsqlite3.a */,
				0A68BB571C23D79F00766AF9 /* ParseUI.framework */,
				0A68BB551C23D74B00766AF9 /* Parse.framework */,
				0A68BB511C23D62700766AF9 /* libBolts.a */,
				0A68BB4F1C23D62100766AF9 /* libFBSDKShareKit.a */,
				0A68BB4D1C23D61D00766AF9 /* libParse.a */,
				0A68BB491C23D41C00766AF9 /* libFBSDKCoreKit.a */,
				0A68BB4A1C23D41C00766AF9 /* libFBSDKLoginKit.a */,
				0A68BB471C23D1A800766AF9 /* libParseFacebookUtilsV4.a */,
				0A68BB451C23D11600766AF9 /* libParseFacebookUtilsV4.a */,
				0A68BB391C23CF2500766AF9 /* libBolts.a */,
				0A68BB3A1C23CF2500766AF9 /* libFBSDKCoreKit.a */,
				0A68BB3B1C23CF2500766AF9 /* libFBSDKLoginKit.a */,
				0A68BB3C1C23CF2500766AF9 /* libFBSDKShareKit.a */,
				0A68BB3D1C23CF2500766AF9 /* libParse.a */,
				0A68BB371C23CE9600766AF9 /* libParseFacebookUtilsV4.a */,
				0A68BB2D1C23C9F000766AF9 /* Security.framework */,
				0A68BB2E1C23C9F000766AF9 /* SystemConfiguration.framework */,
				0A68BB291C23C9C100766AF9 /* CoreFoundation.framework */,
				0A68BB2A1C23C9C100766AF9 /* CoreLocation.framework */,
				3C0EC98935A77CC01669EE5A /* libPods.a */,
			);
			name = Frameworks;
			sourceTree = "<group>";
		};
/* End PBXGroup section */

/* Begin PBXNativeTarget section */
		0A4F0AAB1BD4656000C8A8D0 /* AdyLix */ = {
			isa = PBXNativeTarget;
			buildConfigurationList = 0A4F0ADC1BD4656000C8A8D0 /* Build configuration list for PBXNativeTarget "AdyLix" */;
			buildPhases = (
				C60081AD29135FD7BBF10801 /* Check Pods Manifest.lock */,
				0A4F0AA81BD4656000C8A8D0 /* Sources */,
				0A4F0AA91BD4656000C8A8D0 /* Frameworks */,
				0A4F0AAA1BD4656000C8A8D0 /* Resources */,
				0471DBE45E8F207FA4DB0314 /* Embed Pods Frameworks */,
				8046D69AFFC4EA4492636D79 /* Copy Pods Resources */,
				0A9AA7ED1BF14A9500DEE2BF /* Embed App Extensions */,
			);
			buildRules = (
			);
			dependencies = (
				0A9AA7E81BF14A9500DEE2BF /* PBXTargetDependency */,
			);
			name = AdyLix;
			productName = AdyLix;
			productReference = 0A4F0AAC1BD4656000C8A8D0 /* AdyLix.app */;
			productType = "com.apple.product-type.application";
		};
		0A4F0AC71BD4656000C8A8D0 /* AdyLixTests */ = {
			isa = PBXNativeTarget;
			buildConfigurationList = 0A4F0ADF1BD4656000C8A8D0 /* Build configuration list for PBXNativeTarget "AdyLixTests" */;
			buildPhases = (
				0A4F0AC41BD4656000C8A8D0 /* Sources */,
				0A4F0AC51BD4656000C8A8D0 /* Frameworks */,
				0A4F0AC61BD4656000C8A8D0 /* Resources */,
			);
			buildRules = (
			);
			dependencies = (
				0A4F0ACA1BD4656000C8A8D0 /* PBXTargetDependency */,
			);
			name = AdyLixTests;
			productName = AdyLixTests;
			productReference = 0A4F0AC81BD4656000C8A8D0 /* AdyLixTests.xctest */;
			productType = "com.apple.product-type.bundle.unit-test";
		};
		0A4F0AD21BD4656000C8A8D0 /* AdyLixUITests */ = {
			isa = PBXNativeTarget;
			buildConfigurationList = 0A4F0AE21BD4656000C8A8D0 /* Build configuration list for PBXNativeTarget "AdyLixUITests" */;
			buildPhases = (
				0A4F0ACF1BD4656000C8A8D0 /* Sources */,
				0A4F0AD01BD4656000C8A8D0 /* Frameworks */,
				0A4F0AD11BD4656000C8A8D0 /* Resources */,
			);
			buildRules = (
			);
			dependencies = (
				0A4F0AD51BD4656000C8A8D0 /* PBXTargetDependency */,
			);
			name = AdyLixUITests;
			productName = AdyLixUITests;
			productReference = 0A4F0AD31BD4656000C8A8D0 /* AdyLixUITests.xctest */;
			productType = "com.apple.product-type.bundle.ui-testing";
		};
		0A9AA7DD1BF14A9500DEE2BF /* AdyLix-Extension */ = {
			isa = PBXNativeTarget;
			buildConfigurationList = 0A9AA7EA1BF14A9500DEE2BF /* Build configuration list for PBXNativeTarget "AdyLix-Extension" */;
			buildPhases = (
				0A9AA7DA1BF14A9500DEE2BF /* Sources */,
				0A9AA7DB1BF14A9500DEE2BF /* Frameworks */,
				0A9AA7DC1BF14A9500DEE2BF /* Resources */,
			);
			buildRules = (
			);
			dependencies = (
			);
			name = "AdyLix-Extension";
			productName = "AdyLix-Extension";
			productReference = 0A9AA7DE1BF14A9500DEE2BF /* AdyLix-Extension.appex */;
			productType = "com.apple.product-type.app-extension";
		};
/* End PBXNativeTarget section */

/* Begin PBXProject section */
		0A4F0AA41BD4655F00C8A8D0 /* Project object */ = {
			isa = PBXProject;
			attributes = {
				LastUpgradeCheck = 0700;
				ORGANIZATIONNAME = "Sahar Mostafa";
				TargetAttributes = {
					0A4F0AAB1BD4656000C8A8D0 = {
						CreatedOnToolsVersion = 7.0;
						DevelopmentTeam = 7V462K6Y74;
						SystemCapabilities = {
							com.apple.BackgroundModes = {
								enabled = 1;
							};
							com.apple.GameCenter = {
								enabled = 0;
							};
							com.apple.InAppPurchase = {
								enabled = 0;
							};
							com.apple.OMC = {
								enabled = 0;
							};
							com.apple.Push = {
								enabled = 1;
							};
							com.apple.Wallet = {
								enabled = 0;
							};
							com.apple.iCloud = {
								enabled = 0;
							};
						};
					};
					0A4F0AC71BD4656000C8A8D0 = {
						CreatedOnToolsVersion = 7.0;
						TestTargetID = 0A4F0AAB1BD4656000C8A8D0;
					};
					0A4F0AD21BD4656000C8A8D0 = {
						CreatedOnToolsVersion = 7.0;
						TestTargetID = 0A4F0AAB1BD4656000C8A8D0;
					};
					0A9AA7DD1BF14A9500DEE2BF = {
						CreatedOnToolsVersion = 7.1;
						DevelopmentTeam = 7V462K6Y74;
						SystemCapabilities = {
							com.apple.ApplicationGroups.iOS = {
								enabled = 1;
							};
							com.apple.OMC = {
								enabled = 0;
							};
							com.apple.Push = {
								enabled = 1;
							};
						};
					};
				};
			};
			buildConfigurationList = 0A4F0AA71BD4655F00C8A8D0 /* Build configuration list for PBXProject "AdyLix" */;
			compatibilityVersion = "Xcode 3.2";
			developmentRegion = English;
			hasScannedForEncodings = 0;
			knownRegions = (
				en,
				Base,
			);
			mainGroup = 0A4F0AA31BD4655F00C8A8D0;
			productRefGroup = 0A4F0AAD1BD4656000C8A8D0 /* Products */;
			projectDirPath = "";
			projectRoot = "";
			targets = (
				0A4F0AAB1BD4656000C8A8D0 /* AdyLix */,
				0A4F0AC71BD4656000C8A8D0 /* AdyLixTests */,
				0A4F0AD21BD4656000C8A8D0 /* AdyLixUITests */,
				0A9AA7DD1BF14A9500DEE2BF /* AdyLix-Extension */,
			);
		};
/* End PBXProject section */

/* Begin PBXResourcesBuildPhase section */
		0A4F0AAA1BD4656000C8A8D0 /* Resources */ = {
			isa = PBXResourcesBuildPhase;
			buildActionMask = 2147483647;
			files = (
				0A86A3211BE9EC81001245D7 /* FacebookSDKStrings.bundle in Resources */,
				0A4E21D71BDA080100B01D12 /* selected_star.png in Resources */,
				0A6A1B111C28FBF3008E3C6F /* Warrior-icon-small-25x25.png in Resources */,
				0A6A1B151C290064008E3C6F /* 2x.png in Resources */,
				0A47BC7E1BDAAE9400D362B9 /* Icon@2x.png in Resources */,
				0A6A1B0E1C28FA9D008E3C6F /* map2x.png in Resources */,
				0A4E31671BD47D88004776A2 /* Icon@2x copy.png in Resources */,
				0AAEC3A61C2C7C28000468E3 /* framesBorder.png in Resources */,
				0A4E21D31BDA080100B01D12 /* half_selected_star.png in Resources */,
				0A47BC761BDAAE9400D362B9 /* Default-iOS7-568h@2x.png in Resources */,
				0A4E13731BDE8B320012B8B8 /* submit.jpg in Resources */,
				0A47BC771BDAAE9400D362B9 /* Default-iOS7@2x.png in Resources */,
				0A4E13751BDE8F200012B8B8 /* signout.jpg in Resources */,
				0A6BED1D1C28A85D0089EB23 /* disocver.png in Resources */,
				0A47BC8B1BDAEC6F00D362B9 /* hat.gif in Resources */,
				0A6A1B181C2900EE008E3C6F /* p1x.png in Resources */,
				0A47BC7A1BDAAE9400D362B9 /* Icon-iOS7@2x.png in Resources */,
				0A6976A21C2A3E5C009F614C /* camera.png in Resources */,
				0A47BC7C1BDAAE9400D362B9 /* Icon-Small@2x.png in Resources */,
				0A4E31691BD47D88004776A2 /* Icon@2x rot3.png in Resources */,
				0A47BC7B1BDAAE9400D362B9 /* Icon-Small.png in Resources */,
				0A47BC7D1BDAAE9400D362B9 /* Icon.png in Resources */,
				0A4E31711BD47D88004776A2 /* wait.gif in Resources */,
				0A6A1B0B1C28F949008E3C6F /* map.png in Resources */,
				0A4E21D41BDA080100B01D12 /* half_selected_star@2x.png in Resources */,
				0A4E316B1BD47D88004776A2 /* items.jpeg in Resources */,
				0AF64EE41BDBE69300B9B9EB /* Icon-40@2x.png in Resources */,
				0A47BC891BDAE9BB00D362B9 /* hat.png in Resources */,
				0A47BC781BDAAE9400D362B9 /* Default.png in Resources */,
				0A6A1B141C290064008E3C6F /* 1x.png in Resources */,
				0A4E21D81BDA080100B01D12 /* selected_star@2x.png in Resources */,
				0A61D36F1C2A26DD003553DB /* menu@2x.png in Resources */,
				0A6A1B031C28F18B008E3C6F /* Assets.xcassets in Resources */,
				0A6A1B1B1C290D02008E3C6F /* share.png in Resources */,
				0A4FA0131BD94496003ED366 /* background-mod.png in Resources */,
				0A4E21D51BDA080100B01D12 /* not_selected_star.png in Resources */,
				0A4F0AC21BD4656000C8A8D0 /* LaunchScreen.storyboard in Resources */,
				0A47BC731BDAAE9400D362B9 /* 37x-Checkmark.png in Resources */,
				0A4E31601BD47D88004776A2 /* background.png in Resources */,
				0A4E316F1BD47D88004776A2 /* profile.png in Resources */,
				0A6BED1F1C28A85D0089EB23 /* wardrobe.png in Resources */,
				0A6A1B191C2900EE008E3C6F /* p2x.png in Resources */,
				0A4E316C1BD47D88004776A2 /* items.jpg in Resources */,
				0AC7839C1C152ABD0028CAFF /* red.png in Resources */,
				0A61D36E1C2A26DD003553DB /* menu.png in Resources */,
				0A6A1B0F1C28FA9D008E3C6F /* map3x.png in Resources */,
				0A9C70C31C2490970044EC03 /* FBLogin.png in Resources */,
				0A70DC621C13F5590000E328 /* scanbutton.png in Resources */,
				0A47BC791BDAAE9400D362B9 /* Default@2x.png in Resources */,
				0AAEC3A41C2C6A1F000468E3 /* emptyProfile.png in Resources */,
				0A47BC751BDAAE9400D362B9 /* Default-568h@2x.png in Resources */,
				0A70DC611C13F5590000E328 /* overlaygraphic.png in Resources */,
				0A47BC841BDAB53900D362B9 /* Main.storyboard in Resources */,
				0A4E31681BD47D88004776A2 /* Icon@2x rot2.png in Resources */,
				0A6A1B011C28E27A008E3C6F /* bk-mk.png in Resources */,
				0A4E21D61BDA080100B01D12 /* not_selected_star@2x.png in Resources */,
				0A47BC741BDAAE9400D362B9 /* 37x-Checkmark@2x.png in Resources */,
				0A6BED1E1C28A85D0089EB23 /* reel.png in Resources */,
			);
			runOnlyForDeploymentPostprocessing = 0;
		};
		0A4F0AC61BD4656000C8A8D0 /* Resources */ = {
			isa = PBXResourcesBuildPhase;
			buildActionMask = 2147483647;
			files = (
			);
			runOnlyForDeploymentPostprocessing = 0;
		};
		0A4F0AD11BD4656000C8A8D0 /* Resources */ = {
			isa = PBXResourcesBuildPhase;
			buildActionMask = 2147483647;
			files = (
			);
			runOnlyForDeploymentPostprocessing = 0;
		};
		0A9AA7DC1BF14A9500DEE2BF /* Resources */ = {
			isa = PBXResourcesBuildPhase;
			buildActionMask = 2147483647;
			files = (
				0A6AEE7A1BF871A3009880CD /* GetItemInfo.js in Resources */,
				0A9AA7E51BF14A9500DEE2BF /* MainInterface.storyboard in Resources */,
			);
			runOnlyForDeploymentPostprocessing = 0;
		};
/* End PBXResourcesBuildPhase section */

/* Begin PBXShellScriptBuildPhase section */
		0471DBE45E8F207FA4DB0314 /* Embed Pods Frameworks */ = {
			isa = PBXShellScriptBuildPhase;
			buildActionMask = 2147483647;
			files = (
			);
			inputPaths = (
			);
			name = "Embed Pods Frameworks";
			outputPaths = (
			);
			runOnlyForDeploymentPostprocessing = 0;
			shellPath = /bin/sh;
			shellScript = "\"${SRCROOT}/Pods/Target Support Files/Pods/Pods-frameworks.sh\"\n";
			showEnvVarsInLog = 0;
		};
		8046D69AFFC4EA4492636D79 /* Copy Pods Resources */ = {
			isa = PBXShellScriptBuildPhase;
			buildActionMask = 2147483647;
			files = (
			);
			inputPaths = (
			);
			name = "Copy Pods Resources";
			outputPaths = (
			);
			runOnlyForDeploymentPostprocessing = 0;
			shellPath = /bin/sh;
			shellScript = "\"${SRCROOT}/Pods/Target Support Files/Pods/Pods-resources.sh\"\n";
			showEnvVarsInLog = 0;
		};
		C60081AD29135FD7BBF10801 /* Check Pods Manifest.lock */ = {
			isa = PBXShellScriptBuildPhase;
			buildActionMask = 2147483647;
			files = (
			);
			inputPaths = (
			);
			name = "Check Pods Manifest.lock";
			outputPaths = (
			);
			runOnlyForDeploymentPostprocessing = 0;
			shellPath = /bin/sh;
			shellScript = "diff \"${PODS_ROOT}/../Podfile.lock\" \"${PODS_ROOT}/Manifest.lock\" > /dev/null\nif [[ $? != 0 ]] ; then\n    cat << EOM\nerror: The sandbox is not in sync with the Podfile.lock. Run 'pod install' or update your CocoaPods installation.\nEOM\n    exit 1\nfi\n";
			showEnvVarsInLog = 0;
		};
/* End PBXShellScriptBuildPhase section */

/* Begin PBXSourcesBuildPhase section */
		0A4F0AA81BD4656000C8A8D0 /* Sources */ = {
			isa = PBXSourcesBuildPhase;
			buildActionMask = 2147483647;
			files = (
				0A4E313F1BD47D48004776A2 /* ItemsController.m in Sources */,
				0A4FA0251BD99C7D003ED366 /* ASStarRatingView.m in Sources */,
				0A4F0AB41BD4656000C8A8D0 /* AppDelegate.m in Sources */,
				0A6976A61C2A6B03009F614C /* SettingsController.m in Sources */,
				0AAEC3A81C2C7EA6000468E3 /* Utility.m in Sources */,
				0A70DC5B1C13E2C10000E328 /* RegisterItemController.m in Sources */,
				0A4E31401BD47D48004776A2 /* LocateController.m in Sources */,
				0A8541A11C2505ED00B41F29 /* NotificationController.m in Sources */,
				0A9C70DB1C24C0D00044EC03 /* FBLogin.m in Sources */,
				0A68BB611C23DA1200766AF9 /* SignUpViewController.m in Sources */,
				0A86A30E1BE9DBC8001245D7 /* User.m in Sources */,
				0A61D36A1C2A1654003553DB /* BaseViewController.m in Sources */,
				0A4F0ABD1BD4656000C8A8D0 /* AdyLix.xcdatamodeld in Sources */,
				0A4E31411BD47D48004776A2 /* UserController.m in Sources */,
				0A83B26F1BEB20B6002DA2DD /* Item.m in Sources */,
				0A9C70D31C24C0AC0044EC03 /* MainController.m in Sources */,
				0A70DC5E1C13ECB20000E328 /* CaptureSessionManager.m in Sources */,
				0A4FA0261BD99C7D003ED366 /* MBProgressHUD.m in Sources */,
				0A4FA0281BD99FC8003ED366 /* ItemTableViewController.m in Sources */,
				0A4F0AB11BD4656000C8A8D0 /* main.m in Sources */,
				0A9C70DE1C24D99A0044EC03 /* UserInfo.m in Sources */,
				0A68AA731C23A68D00766AF9 /* FBLoginViewController.m in Sources */,
				0A23B3BD1BDC3024008DEC1E /* TabBarController.m in Sources */,
				0A9C70C91C249C3B0044EC03 /* Style.m in Sources */,
				0A4FA0241BD99C7D003ED366 /* ActivityIndicator.m in Sources */,
				0A9C70D01C24C09C0044EC03 /* ShareHelper.m in Sources */,
				0A9C70DA1C24C0D00044EC03 /* connector.m in Sources */,
				0A4FA01B1BD96737003ED366 /* DataInfo.m in Sources */,
			);
			runOnlyForDeploymentPostprocessing = 0;
		};
		0A4F0AC41BD4656000C8A8D0 /* Sources */ = {
			isa = PBXSourcesBuildPhase;
			buildActionMask = 2147483647;
			files = (
				0A4F0ACD1BD4656000C8A8D0 /* AdyLixTests.m in Sources */,
			);
			runOnlyForDeploymentPostprocessing = 0;
		};
		0A4F0ACF1BD4656000C8A8D0 /* Sources */ = {
			isa = PBXSourcesBuildPhase;
			buildActionMask = 2147483647;
			files = (
				0A4F0AD81BD4656000C8A8D0 /* AdyLixUITests.m in Sources */,
			);
			runOnlyForDeploymentPostprocessing = 0;
		};
		0A9AA7DA1BF14A9500DEE2BF /* Sources */ = {
			isa = PBXSourcesBuildPhase;
			buildActionMask = 2147483647;
			files = (
				0A9AA7E21BF14A9500DEE2BF /* ShareViewController.m in Sources */,
			);
			runOnlyForDeploymentPostprocessing = 0;
		};
/* End PBXSourcesBuildPhase section */

/* Begin PBXTargetDependency section */
		0A4F0ACA1BD4656000C8A8D0 /* PBXTargetDependency */ = {
			isa = PBXTargetDependency;
			target = 0A4F0AAB1BD4656000C8A8D0 /* AdyLix */;
			targetProxy = 0A4F0AC91BD4656000C8A8D0 /* PBXContainerItemProxy */;
		};
		0A4F0AD51BD4656000C8A8D0 /* PBXTargetDependency */ = {
			isa = PBXTargetDependency;
			target = 0A4F0AAB1BD4656000C8A8D0 /* AdyLix */;
			targetProxy = 0A4F0AD41BD4656000C8A8D0 /* PBXContainerItemProxy */;
		};
		0A9AA7E81BF14A9500DEE2BF /* PBXTargetDependency */ = {
			isa = PBXTargetDependency;
			target = 0A9AA7DD1BF14A9500DEE2BF /* AdyLix-Extension */;
			targetProxy = 0A9AA7E71BF14A9500DEE2BF /* PBXContainerItemProxy */;
		};
/* End PBXTargetDependency section */

/* Begin PBXVariantGroup section */
		0A47BC821BDAB53900D362B9 /* Main.storyboard */ = {
			isa = PBXVariantGroup;
			children = (
				0A47BC831BDAB53900D362B9 /* Base */,
			);
			name = Main.storyboard;
			sourceTree = "<group>";
		};
		0A4F0AC01BD4656000C8A8D0 /* LaunchScreen.storyboard */ = {
			isa = PBXVariantGroup;
			children = (
				0A4F0AC11BD4656000C8A8D0 /* Base */,
			);
			name = LaunchScreen.storyboard;
			sourceTree = "<group>";
		};
		0A9AA7E31BF14A9500DEE2BF /* MainInterface.storyboard */ = {
			isa = PBXVariantGroup;
			children = (
				0A9AA7E41BF14A9500DEE2BF /* Base */,
			);
			name = MainInterface.storyboard;
			sourceTree = "<group>";
		};
/* End PBXVariantGroup section */

/* Begin XCBuildConfiguration section */
		0A4F0ADA1BD4656000C8A8D0 /* Debug */ = {
			isa = XCBuildConfiguration;
			buildSettings = {
				ALWAYS_SEARCH_USER_PATHS = NO;
				CLANG_CXX_LANGUAGE_STANDARD = "gnu++0x";
				CLANG_CXX_LIBRARY = "libc++";
				CLANG_ENABLE_MODULES = YES;
				CLANG_ENABLE_OBJC_ARC = YES;
				CLANG_WARN_BOOL_CONVERSION = YES;
				CLANG_WARN_CONSTANT_CONVERSION = YES;
				CLANG_WARN_DIRECT_OBJC_ISA_USAGE = YES_ERROR;
				CLANG_WARN_EMPTY_BODY = YES;
				CLANG_WARN_ENUM_CONVERSION = YES;
				CLANG_WARN_INT_CONVERSION = YES;
				CLANG_WARN_OBJC_ROOT_CLASS = YES_ERROR;
				CLANG_WARN_UNREACHABLE_CODE = YES;
				CLANG_WARN__DUPLICATE_METHOD_MATCH = YES;
				CODE_SIGN_ENTITLEMENTS = AdyLix/AdyLix.entitlements;
				CODE_SIGN_IDENTITY = "iPhone Developer: Sahar Mostafa (9RVNRFZTEJ)";
				"CODE_SIGN_IDENTITY[sdk=iphoneos*]" = "iPhone Developer";
				COPY_PHASE_STRIP = NO;
				DEBUG_INFORMATION_FORMAT = dwarf;
				ENABLE_STRICT_OBJC_MSGSEND = YES;
				ENABLE_TESTABILITY = YES;
				GCC_C_LANGUAGE_STANDARD = gnu99;
				GCC_DYNAMIC_NO_PIC = NO;
				GCC_NO_COMMON_BLOCKS = YES;
				GCC_OPTIMIZATION_LEVEL = 0;
				GCC_PREPROCESSOR_DEFINITIONS = (
					"DEBUG=1",
					"$(inherited)",
				);
				GCC_WARN_64_TO_32_BIT_CONVERSION = YES;
				GCC_WARN_ABOUT_RETURN_TYPE = YES_ERROR;
				GCC_WARN_UNDECLARED_SELECTOR = YES;
				GCC_WARN_UNINITIALIZED_AUTOS = YES_AGGRESSIVE;
				GCC_WARN_UNUSED_FUNCTION = YES;
				GCC_WARN_UNUSED_VARIABLE = YES;
				IPHONEOS_DEPLOYMENT_TARGET = 9.0;
				MTL_ENABLE_DEBUG_INFO = YES;
				ONLY_ACTIVE_ARCH = YES;
				PROVISIONING_PROFILE = "bacb8fe4-3595-46c8-a802-421df51df9d9";
				SDKROOT = iphoneos;
				TARGETED_DEVICE_FAMILY = "1,2";
			};
			name = Debug;
		};
		0A4F0ADB1BD4656000C8A8D0 /* Release */ = {
			isa = XCBuildConfiguration;
			buildSettings = {
				ALWAYS_SEARCH_USER_PATHS = NO;
				CLANG_CXX_LANGUAGE_STANDARD = "gnu++0x";
				CLANG_CXX_LIBRARY = "libc++";
				CLANG_ENABLE_MODULES = YES;
				CLANG_ENABLE_OBJC_ARC = YES;
				CLANG_WARN_BOOL_CONVERSION = YES;
				CLANG_WARN_CONSTANT_CONVERSION = YES;
				CLANG_WARN_DIRECT_OBJC_ISA_USAGE = YES_ERROR;
				CLANG_WARN_EMPTY_BODY = YES;
				CLANG_WARN_ENUM_CONVERSION = YES;
				CLANG_WARN_INT_CONVERSION = YES;
				CLANG_WARN_OBJC_ROOT_CLASS = YES_ERROR;
				CLANG_WARN_UNREACHABLE_CODE = YES;
				CLANG_WARN__DUPLICATE_METHOD_MATCH = YES;
				CODE_SIGN_ENTITLEMENTS = AdyLix/AdyLix.entitlements;
				CODE_SIGN_IDENTITY = "iPhone Developer: Sahar Mostafa (9RVNRFZTEJ)";
				"CODE_SIGN_IDENTITY[sdk=iphoneos*]" = "iPhone Developer";
				COPY_PHASE_STRIP = NO;
				DEBUG_INFORMATION_FORMAT = "dwarf-with-dsym";
				ENABLE_NS_ASSERTIONS = NO;
				ENABLE_STRICT_OBJC_MSGSEND = YES;
				GCC_C_LANGUAGE_STANDARD = gnu99;
				GCC_NO_COMMON_BLOCKS = YES;
				GCC_WARN_64_TO_32_BIT_CONVERSION = YES;
				GCC_WARN_ABOUT_RETURN_TYPE = YES_ERROR;
				GCC_WARN_UNDECLARED_SELECTOR = YES;
				GCC_WARN_UNINITIALIZED_AUTOS = YES_AGGRESSIVE;
				GCC_WARN_UNUSED_FUNCTION = YES;
				GCC_WARN_UNUSED_VARIABLE = YES;
				IPHONEOS_DEPLOYMENT_TARGET = 9.0;
				MTL_ENABLE_DEBUG_INFO = NO;
				PROVISIONING_PROFILE = "bacb8fe4-3595-46c8-a802-421df51df9d9";
				SDKROOT = iphoneos;
				TARGETED_DEVICE_FAMILY = "1,2";
				VALIDATE_PRODUCT = YES;
			};
			name = Release;
		};
		0A4F0ADD1BD4656000C8A8D0 /* Debug */ = {
			isa = XCBuildConfiguration;
			baseConfigurationReference = B658DA636DDDAE8C967B631A /* Pods.debug.xcconfig */;
			buildSettings = {
				ASSETCATALOG_COMPILER_APPICON_NAME = AppIcon;
				CODE_SIGN_ENTITLEMENTS = AdyLix/AdyLix.entitlements;
				CODE_SIGN_IDENTITY = "iPhone Developer";
				"CODE_SIGN_IDENTITY[sdk=iphoneos*]" = "iPhone Developer";
				ENABLE_BITCODE = NO;
				FRAMEWORK_SEARCH_PATHS = (
					"$(inherited)",
					"$(PROJECT_DIR)/AdyLix/Frameworks",
					"$(PROJECT_DIR)/FacebookSDKs",
				);
				INFOPLIST_FILE = AdyLix/Info.plist;
				LD_RUNPATH_SEARCH_PATHS = "$(inherited) @executable_path/Frameworks";
				LIBRARY_SEARCH_PATHS = (
					"$(inherited)",
					"$(PROJECT_DIR)/build/Debug-iphoneos",
					"$(PROJECT_DIR)/AdyLix/Frameworks/FBSDKCoreKit.framework",
				);
				OTHER_LDFLAGS = (
					"-framework",
					"\"Foundation\"",
					"-framework",
					"\"Security\"",
					"-weak_framework",
					"\"AddressBook\"",
					"-weak_framework",
					"\"PassKit\"",
				);
				PRODUCT_BUNDLE_IDENTIFIER = com.Ady.AdyLix;
				PRODUCT_NAME = "$(TARGET_NAME)";
				PROVISIONING_PROFILE = "";
			};
			name = Debug;
		};
		0A4F0ADE1BD4656000C8A8D0 /* Release */ = {
			isa = XCBuildConfiguration;
			baseConfigurationReference = E3F77A0AC295CBA041842974 /* Pods.release.xcconfig */;
			buildSettings = {
				ASSETCATALOG_COMPILER_APPICON_NAME = AppIcon;
				CODE_SIGN_ENTITLEMENTS = AdyLix/AdyLix.entitlements;
				CODE_SIGN_IDENTITY = "iPhone Developer";
				"CODE_SIGN_IDENTITY[sdk=iphoneos*]" = "iPhone Developer";
				ENABLE_BITCODE = NO;
				FRAMEWORK_SEARCH_PATHS = (
					"$(inherited)",
					"$(PROJECT_DIR)/AdyLix/Frameworks",
					"$(PROJECT_DIR)/FacebookSDKs",
				);
				INFOPLIST_FILE = AdyLix/Info.plist;
				LD_RUNPATH_SEARCH_PATHS = "$(inherited) @executable_path/Frameworks";
				LIBRARY_SEARCH_PATHS = (
					"$(inherited)",
					"$(PROJECT_DIR)/build/Debug-iphoneos",
					"$(PROJECT_DIR)/AdyLix/Frameworks/FBSDKCoreKit.framework",
				);
				OTHER_LDFLAGS = (
					"-framework",
					"\"Foundation\"",
					"-framework",
					"\"Security\"",
					"-weak_framework",
					"\"AddressBook\"",
					"-weak_framework",
					"\"PassKit\"",
				);
				PRODUCT_BUNDLE_IDENTIFIER = com.Ady.AdyLix;
				PRODUCT_NAME = "$(TARGET_NAME)";
				PROVISIONING_PROFILE = "";
			};
			name = Release;
		};
		0A4F0AE01BD4656000C8A8D0 /* Debug */ = {
			isa = XCBuildConfiguration;
			buildSettings = {
				BUNDLE_LOADER = "$(TEST_HOST)";
				FRAMEWORK_SEARCH_PATHS = (
					"$(inherited)",
					"$(PROJECT_DIR)/AdyLix/Frameworks",
					"$(PROJECT_DIR)/FacebookSDKs",
				);
				HEADER_SEARCH_PATHS = "\"${PODS_ROOT}/Headers/Public/Parse\"";
				INFOPLIST_FILE = AdyLixTests/Info.plist;
				LD_RUNPATH_SEARCH_PATHS = "$(inherited) @executable_path/Frameworks @loader_path/Frameworks";
				LIBRARY_SEARCH_PATHS = (
					"$(inherited)",
					"$(PROJECT_DIR)/build/Debug-iphoneos",
				);
				PRODUCT_BUNDLE_IDENTIFIER = mine.AdyLixTests;
				PRODUCT_NAME = "$(TARGET_NAME)";
				TEST_HOST = "$(BUILT_PRODUCTS_DIR)/AdyLix.app/AdyLix";
			};
			name = Debug;
		};
		0A4F0AE11BD4656000C8A8D0 /* Release */ = {
			isa = XCBuildConfiguration;
			buildSettings = {
				BUNDLE_LOADER = "$(TEST_HOST)";
				FRAMEWORK_SEARCH_PATHS = (
					"$(inherited)",
					"$(PROJECT_DIR)/AdyLix/Frameworks",
					"$(PROJECT_DIR)/FacebookSDKs",
				);
				HEADER_SEARCH_PATHS = "\"${PODS_ROOT}/Headers/Public/Parse\"";
				INFOPLIST_FILE = AdyLixTests/Info.plist;
				LD_RUNPATH_SEARCH_PATHS = "$(inherited) @executable_path/Frameworks @loader_path/Frameworks";
				LIBRARY_SEARCH_PATHS = (
					"$(inherited)",
					"$(PROJECT_DIR)/build/Debug-iphoneos",
				);
				PRODUCT_BUNDLE_IDENTIFIER = mine.AdyLixTests;
				PRODUCT_NAME = "$(TARGET_NAME)";
				TEST_HOST = "$(BUILT_PRODUCTS_DIR)/AdyLix.app/AdyLix";
			};
			name = Release;
		};
		0A4F0AE31BD4656000C8A8D0 /* Debug */ = {
			isa = XCBuildConfiguration;
			buildSettings = {
				FRAMEWORK_SEARCH_PATHS = (
					"$(inherited)",
					"$(PROJECT_DIR)/FacebookSDKs",
				);
				INFOPLIST_FILE = AdyLixUITests/Info.plist;
				LD_RUNPATH_SEARCH_PATHS = "$(inherited) @executable_path/Frameworks @loader_path/Frameworks";
				PRODUCT_BUNDLE_IDENTIFIER = mine.AdyLixUITests;
				PRODUCT_NAME = "$(TARGET_NAME)";
				TEST_TARGET_NAME = AdyLix;
				USES_XCTRUNNER = YES;
			};
			name = Debug;
		};
		0A4F0AE41BD4656000C8A8D0 /* Release */ = {
			isa = XCBuildConfiguration;
			buildSettings = {
				FRAMEWORK_SEARCH_PATHS = (
					"$(inherited)",
					"$(PROJECT_DIR)/FacebookSDKs",
				);
				INFOPLIST_FILE = AdyLixUITests/Info.plist;
				LD_RUNPATH_SEARCH_PATHS = "$(inherited) @executable_path/Frameworks @loader_path/Frameworks";
				PRODUCT_BUNDLE_IDENTIFIER = mine.AdyLixUITests;
				PRODUCT_NAME = "$(TARGET_NAME)";
				TEST_TARGET_NAME = AdyLix;
				USES_XCTRUNNER = YES;
			};
			name = Release;
		};
		0A9AA7EB1BF14A9500DEE2BF /* Debug */ = {
			isa = XCBuildConfiguration;
			buildSettings = {
				CODE_SIGN_IDENTITY = "iPhone Developer";
				"CODE_SIGN_IDENTITY[sdk=iphoneos*]" = "iPhone Developer";
				FRAMEWORK_SEARCH_PATHS = (
					"$(inherited)",
					"$(PROJECT_DIR)/FacebookSDKs",
				);
				INFOPLIST_FILE = "AdyLix-Extension/Info.plist";
				IPHONEOS_DEPLOYMENT_TARGET = 9.1;
				LD_RUNPATH_SEARCH_PATHS = "$(inherited) @executable_path/Frameworks @executable_path/../../Frameworks";
				PRODUCT_BUNDLE_IDENTIFIER = "com.Ady.AdyLix.AdyLix-Extension";
				PRODUCT_NAME = "$(TARGET_NAME)";
				PROVISIONING_PROFILE = "";
				SKIP_INSTALL = YES;
			};
			name = Debug;
		};
		0A9AA7EC1BF14A9500DEE2BF /* Release */ = {
			isa = XCBuildConfiguration;
			buildSettings = {
				CODE_SIGN_IDENTITY = "iPhone Developer";
				"CODE_SIGN_IDENTITY[sdk=iphoneos*]" = "iPhone Developer";
				FRAMEWORK_SEARCH_PATHS = (
					"$(inherited)",
					"$(PROJECT_DIR)/FacebookSDKs",
				);
				INFOPLIST_FILE = "AdyLix-Extension/Info.plist";
				IPHONEOS_DEPLOYMENT_TARGET = 9.1;
				LD_RUNPATH_SEARCH_PATHS = "$(inherited) @executable_path/Frameworks @executable_path/../../Frameworks";
				PRODUCT_BUNDLE_IDENTIFIER = "com.Ady.AdyLix.AdyLix-Extension";
				PRODUCT_NAME = "$(TARGET_NAME)";
				PROVISIONING_PROFILE = "";
				SKIP_INSTALL = YES;
			};
			name = Release;
		};
/* End XCBuildConfiguration section */

/* Begin XCConfigurationList section */
		0A4F0AA71BD4655F00C8A8D0 /* Build configuration list for PBXProject "AdyLix" */ = {
			isa = XCConfigurationList;
			buildConfigurations = (
				0A4F0ADA1BD4656000C8A8D0 /* Debug */,
				0A4F0ADB1BD4656000C8A8D0 /* Release */,
			);
			defaultConfigurationIsVisible = 0;
			defaultConfigurationName = Release;
		};
		0A4F0ADC1BD4656000C8A8D0 /* Build configuration list for PBXNativeTarget "AdyLix" */ = {
			isa = XCConfigurationList;
			buildConfigurations = (
				0A4F0ADD1BD4656000C8A8D0 /* Debug */,
				0A4F0ADE1BD4656000C8A8D0 /* Release */,
			);
			defaultConfigurationIsVisible = 0;
			defaultConfigurationName = Release;
		};
		0A4F0ADF1BD4656000C8A8D0 /* Build configuration list for PBXNativeTarget "AdyLixTests" */ = {
			isa = XCConfigurationList;
			buildConfigurations = (
				0A4F0AE01BD4656000C8A8D0 /* Debug */,
				0A4F0AE11BD4656000C8A8D0 /* Release */,
			);
			defaultConfigurationIsVisible = 0;
			defaultConfigurationName = Release;
		};
		0A4F0AE21BD4656000C8A8D0 /* Build configuration list for PBXNativeTarget "AdyLixUITests" */ = {
			isa = XCConfigurationList;
			buildConfigurations = (
				0A4F0AE31BD4656000C8A8D0 /* Debug */,
				0A4F0AE41BD4656000C8A8D0 /* Release */,
			);
			defaultConfigurationIsVisible = 0;
			defaultConfigurationName = Release;
		};
		0A9AA7EA1BF14A9500DEE2BF /* Build configuration list for PBXNativeTarget "AdyLix-Extension" */ = {
			isa = XCConfigurationList;
			buildConfigurations = (
				0A9AA7EB1BF14A9500DEE2BF /* Debug */,
				0A9AA7EC1BF14A9500DEE2BF /* Release */,
			);
			defaultConfigurationIsVisible = 0;
			defaultConfigurationName = Release;
		};
/* End XCConfigurationList section */

/* Begin XCVersionGroup section */
		0A4F0ABB1BD4656000C8A8D0 /* AdyLix.xcdatamodeld */ = {
			isa = XCVersionGroup;
			children = (
				0A4F0ABC1BD4656000C8A8D0 /* AdyLix.xcdatamodel */,
			);
			currentVersion = 0A4F0ABC1BD4656000C8A8D0 /* AdyLix.xcdatamodel */;
			path = AdyLix.xcdatamodeld;
			sourceTree = "<group>";
			versionGroupType = wrapper.xcdatamodel;
		};
/* End XCVersionGroup section */
	};
	rootObject = 0A4F0AA41BD4655F00C8A8D0 /* Project object */;
}
